// !$*UTF8*$!
{
	archiveVersion = 1;
	classes = {
	};
	objectVersion = 46;
	objects = {

/* Begin PBXBuildFile section */
		589FE1031C04ABA40043181D /* main.m in Sources */ = {isa = PBXBuildFile; fileRef = 589FE1021C04ABA40043181D /* main.m */; };
		589FE1061C04ABA40043181D /* AppDelegate.m in Sources */ = {isa = PBXBuildFile; fileRef = 589FE1051C04ABA40043181D /* AppDelegate.m */; };
		589FE10E1C04ABA40043181D /* Images.xcassets in Resources */ = {isa = PBXBuildFile; fileRef = 589FE10D1C04ABA40043181D /* Images.xcassets */; };
		589FE1111C04ABA40043181D /* LaunchScreen.xib in Resources */ = {isa = PBXBuildFile; fileRef = 589FE10F1C04ABA40043181D /* LaunchScreen.xib */; };
		589FE11D1C04ABA50043181D /* KCKPLeaderTests.m in Sources */ = {isa = PBXBuildFile; fileRef = 589FE11C1C04ABA40043181D /* KCKPLeaderTests.m */; };
		589FE1321C04AE5C0043181D /* EntityBean.m in Sources */ = {isa = PBXBuildFile; fileRef = 589FE12D1C04AE5C0043181D /* EntityBean.m */; };
		589FE1331C04AE5C0043181D /* Globle.m in Sources */ = {isa = PBXBuildFile; fileRef = 589FE12E1C04AE5C0043181D /* Globle.m */; };
		589FE1341C04AE5C0043181D /* QueryParameter.m in Sources */ = {isa = PBXBuildFile; fileRef = 589FE12F1C04AE5C0043181D /* QueryParameter.m */; };
		589FE1351C04AE5C0043181D /* SearchParameters.m in Sources */ = {isa = PBXBuildFile; fileRef = 589FE1301C04AE5C0043181D /* SearchParameters.m */; };
		589FE1381C04AEB30043181D /* AFNetWorkService.m in Sources */ = {isa = PBXBuildFile; fileRef = 589FE1371C04AEB30043181D /* AFNetWorkService.m */; };
		853D73291C09CAC20011429E /* CustomView.m in Sources */ = {isa = PBXBuildFile; fileRef = 853D73281C09CAC20011429E /* CustomView.m */; };
		853DB5191C155348003F5BBA /* DayPicModel.m in Sources */ = {isa = PBXBuildFile; fileRef = 853DB5181C155348003F5BBA /* DayPicModel.m */; };
		853DB51C1C15535F003F5BBA /* DayDutModel.m in Sources */ = {isa = PBXBuildFile; fileRef = 853DB51B1C15535F003F5BBA /* DayDutModel.m */; };
		853DB51F1C155370003F5BBA /* DayInsModel.m in Sources */ = {isa = PBXBuildFile; fileRef = 853DB51E1C155370003F5BBA /* DayInsModel.m */; };
		853DB5221C15539B003F5BBA /* DayCpsModel.m in Sources */ = {isa = PBXBuildFile; fileRef = 853DB5211C15539B003F5BBA /* DayCpsModel.m */; };
		8541A6F71C06A45D00B8BB2E /* ChangePassWordViewController.m in Sources */ = {isa = PBXBuildFile; fileRef = 8541A6F51C06A45D00B8BB2E /* ChangePassWordViewController.m */; };
		8541A6FA1C06B15300B8BB2E /* PhoneBindingViewController.xib in Resources */ = {isa = PBXBuildFile; fileRef = 8541A6F91C06B15300B8BB2E /* PhoneBindingViewController.xib */; };
		8541A7001C06D23200B8BB2E /* LoginViewController.m in Sources */ = {isa = PBXBuildFile; fileRef = 8541A6FE1C06D23200B8BB2E /* LoginViewController.m */; };
		8541A7031C06F22400B8BB2E /* Login.storyboard in Resources */ = {isa = PBXBuildFile; fileRef = 8541A7021C06F22400B8BB2E /* Login.storyboard */; };
		8541A7061C07002D00B8BB2E /* TotalSituationViewController.m in Sources */ = {isa = PBXBuildFile; fileRef = 8541A7051C07002D00B8BB2E /* TotalSituationViewController.m */; };
		8541A70E1C070FAA00B8BB2E /* NSString+NSStringMD5.m in Sources */ = {isa = PBXBuildFile; fileRef = 8541A7091C070FAA00B8BB2E /* NSString+NSStringMD5.m */; };
		8541A70F1C070FAA00B8BB2E /* UIViewExt.m in Sources */ = {isa = PBXBuildFile; fileRef = 8541A70B1C070FAA00B8BB2E /* UIViewExt.m */; };
		8541A7101C070FAA00B8BB2E /* Util.m in Sources */ = {isa = PBXBuildFile; fileRef = 8541A70D1C070FAA00B8BB2E /* Util.m */; };
		8541A7131C070FD400B8BB2E /* Demo.m in Sources */ = {isa = PBXBuildFile; fileRef = 8541A7121C070FD400B8BB2E /* Demo.m */; };
		8546D0AD1C0D40BE00317CFA /* SectionView.xib in Resources */ = {isa = PBXBuildFile; fileRef = 8546D0AC1C0D40BE00317CFA /* SectionView.xib */; };
		8546D0B01C0D41E400317CFA /* SectionView.m in Sources */ = {isa = PBXBuildFile; fileRef = 8546D0AF1C0D41E400317CFA /* SectionView.m */; };
		8546D1161C0D756A00317CFA /* DESCript.m in Sources */ = {isa = PBXBuildFile; fileRef = 8546D1141C0D756A00317CFA /* DESCript.m */; };
		8546D11A1C0D762700317CFA /* GTMBase64.m in Sources */ = {isa = PBXBuildFile; fileRef = 8546D1181C0D762700317CFA /* GTMBase64.m */; };
		8546D11D1C0D8DA400317CFA /* CaseModel.m in Sources */ = {isa = PBXBuildFile; fileRef = 8546D11C1C0D8DA400317CFA /* CaseModel.m */; };
		8546D1431C0D955E00317CFA /* VolnumModel.m in Sources */ = {isa = PBXBuildFile; fileRef = 8546D1421C0D955E00317CFA /* VolnumModel.m */; };
		8546D1461C0D957800317CFA /* InsnumModel.m in Sources */ = {isa = PBXBuildFile; fileRef = 8546D1451C0D957800317CFA /* InsnumModel.m */; };
		8546D1491C0D95B000317CFA /* AllnumModel.m in Sources */ = {isa = PBXBuildFile; fileRef = 8546D1481C0D95B000317CFA /* AllnumModel.m */; };
		8546D14C1C0D95DB00317CFA /* ScenumModel.m in Sources */ = {isa = PBXBuildFile; fileRef = 8546D14B1C0D95DB00317CFA /* ScenumModel.m */; };
		8546D14F1C0D95F400317CFA /* PolnumModel.m in Sources */ = {isa = PBXBuildFile; fileRef = 8546D14E1C0D95F400317CFA /* PolnumModel.m */; };
		8546D1521C0D966F00317CFA /* DataModel.m in Sources */ = {isa = PBXBuildFile; fileRef = 8546D1511C0D966F00317CFA /* DataModel.m */; };
		8546D1581C0DB30400317CFA /* ScrollModel.m in Sources */ = {isa = PBXBuildFile; fileRef = 8546D1571C0DB30400317CFA /* ScrollModel.m */; };
		8546D15B1C0DB46300317CFA /* ScrollDataModel.m in Sources */ = {isa = PBXBuildFile; fileRef = 8546D15A1C0DB46300317CFA /* ScrollDataModel.m */; };
		8546D15E1C0DBCB300317CFA /* AppModel.m in Sources */ = {isa = PBXBuildFile; fileRef = 8546D15D1C0DBCB300317CFA /* AppModel.m */; };
		8546D1611C0DBCBE00317CFA /* AppDataModel.m in Sources */ = {isa = PBXBuildFile; fileRef = 8546D1601C0DBCBE00317CFA /* AppDataModel.m */; };
		859067691C055D8500E9E15E /* BaseViewController.m in Sources */ = {isa = PBXBuildFile; fileRef = 859067641C055D8500E9E15E /* BaseViewController.m */; };
		8590676A1C055D8500E9E15E /* EPNaviController.m in Sources */ = {isa = PBXBuildFile; fileRef = 859067661C055D8500E9E15E /* EPNaviController.m */; };
		8590676B1C055D8500E9E15E /* EPTabBarController.m in Sources */ = {isa = PBXBuildFile; fileRef = 859067681C055D8500E9E15E /* EPTabBarController.m */; };
		859067781C055D8D00E9E15E /* DecisionAnalysisViewController.m in Sources */ = {isa = PBXBuildFile; fileRef = 8590676E1C055D8D00E9E15E /* DecisionAnalysisViewController.m */; };
		859067791C055D8D00E9E15E /* HomePageViewController.m in Sources */ = {isa = PBXBuildFile; fileRef = 859067711C055D8D00E9E15E /* HomePageViewController.m */; };
		8590677A1C055D8D00E9E15E /* ProcessSituationViewController.m in Sources */ = {isa = PBXBuildFile; fileRef = 859067741C055D8D00E9E15E /* ProcessSituationViewController.m */; };
		8590677B1C055D8D00E9E15E /* SettingViewController.m in Sources */ = {isa = PBXBuildFile; fileRef = 859067771C055D8D00E9E15E /* SettingViewController.m */; };
		8590677E1C055E0600E9E15E /* HMSegmentedControl.m in Sources */ = {isa = PBXBuildFile; fileRef = 8590677D1C055E0600E9E15E /* HMSegmentedControl.m */; };
		859067801C055E4700E9E15E /* Main.storyboard in Resources */ = {isa = PBXBuildFile; fileRef = 8590677F1C055E4700E9E15E /* Main.storyboard */; };
		859067931C0586F200E9E15E /* CaseTableViewCell.m in Sources */ = {isa = PBXBuildFile; fileRef = 859067911C0586F200E9E15E /* CaseTableViewCell.m */; };
		859067941C0586F200E9E15E /* CaseTableViewCell.xib in Resources */ = {isa = PBXBuildFile; fileRef = 859067921C0586F200E9E15E /* CaseTableViewCell.xib */; };
		859067981C058CEC00E9E15E /* TotalTableViewCell.m in Sources */ = {isa = PBXBuildFile; fileRef = 859067961C058CEC00E9E15E /* TotalTableViewCell.m */; };
		859067991C058CEC00E9E15E /* TotalTableViewCell.xib in Resources */ = {isa = PBXBuildFile; fileRef = 859067971C058CEC00E9E15E /* TotalTableViewCell.xib */; };
		8590679D1C059E9C00E9E15E /* ProcessSituationCell.m in Sources */ = {isa = PBXBuildFile; fileRef = 8590679B1C059E9C00E9E15E /* ProcessSituationCell.m */; };
		8590679E1C059E9C00E9E15E /* ProcessSituationCell.xib in Resources */ = {isa = PBXBuildFile; fileRef = 8590679C1C059E9C00E9E15E /* ProcessSituationCell.xib */; };
		859067A21C05A53600E9E15E /* SettingTableViewCell.m in Sources */ = {isa = PBXBuildFile; fileRef = 859067A01C05A53600E9E15E /* SettingTableViewCell.m */; };
		859067A31C05A53600E9E15E /* SettingTableViewCell.xib in Resources */ = {isa = PBXBuildFile; fileRef = 859067A11C05A53600E9E15E /* SettingTableViewCell.xib */; };
		859067A61C05AF2200E9E15E /* TrafficAccidentViewController.m in Sources */ = {isa = PBXBuildFile; fileRef = 859067A51C05AF2200E9E15E /* TrafficAccidentViewController.m */; };
		859067A91C05AF4A00E9E15E /* ClaimViewController.m in Sources */ = {isa = PBXBuildFile; fileRef = 859067A81C05AF4A00E9E15E /* ClaimViewController.m */; };
		859067AC1C05AF7100E9E15E /* InsuranceViewController.m in Sources */ = {isa = PBXBuildFile; fileRef = 859067AB1C05AF7100E9E15E /* InsuranceViewController.m */; };
		859067AF1C05AFA600E9E15E /* ClaimDetailViewController.m in Sources */ = {isa = PBXBuildFile; fileRef = 859067AE1C05AFA600E9E15E /* ClaimDetailViewController.m */; };
		859067B21C05AFEA00E9E15E /* PlaceViewController.m in Sources */ = {isa = PBXBuildFile; fileRef = 859067B11C05AFEA00E9E15E /* PlaceViewController.m */; };
		859067B51C05AFFC00E9E15E /* TimeViewController.m in Sources */ = {isa = PBXBuildFile; fileRef = 859067B41C05AFFC00E9E15E /* TimeViewController.m */; };
		859067B81C05B01F00E9E15E /* CircumstancesViewController.m in Sources */ = {isa = PBXBuildFile; fileRef = 859067B71C05B01F00E9E15E /* CircumstancesViewController.m */; };
		859067BB1C05B08000E9E15E /* UserNameViewController.m in Sources */ = {isa = PBXBuildFile; fileRef = 859067BA1C05B08000E9E15E /* UserNameViewController.m */; };
		859067C11C05B13400E9E15E /* PhoneBindingViewController.m in Sources */ = {isa = PBXBuildFile; fileRef = 859067C01C05B13400E9E15E /* PhoneBindingViewController.m */; };
		859067C61C05BD9700E9E15E /* UserNameViewController.xib in Resources */ = {isa = PBXBuildFile; fileRef = 859067C51C05BD9700E9E15E /* UserNameViewController.xib */; };
		859DB1781C07F238005602C6 /* ChangePassWordViewController.xib in Resources */ = {isa = PBXBuildFile; fileRef = 859DB1771C07F238005602C6 /* ChangePassWordViewController.xib */; };
		859DB1971C083E8D005602C6 /* JSONModel.m in Sources */ = {isa = PBXBuildFile; fileRef = 859DB1801C083E8D005602C6 /* JSONModel.m */; };
		859DB1981C083E8D005602C6 /* JSONModelArray.m in Sources */ = {isa = PBXBuildFile; fileRef = 859DB1821C083E8D005602C6 /* JSONModelArray.m */; };
		859DB1991C083E8D005602C6 /* JSONModelClassProperty.m in Sources */ = {isa = PBXBuildFile; fileRef = 859DB1841C083E8D005602C6 /* JSONModelClassProperty.m */; };
		859DB19A1C083E8D005602C6 /* JSONModelError.m in Sources */ = {isa = PBXBuildFile; fileRef = 859DB1861C083E8D005602C6 /* JSONModelError.m */; };
		859DB19B1C083E8D005602C6 /* NSArray+JSONModel.m in Sources */ = {isa = PBXBuildFile; fileRef = 859DB1891C083E8D005602C6 /* NSArray+JSONModel.m */; };
		859DB19C1C083E8D005602C6 /* JSONAPI.m in Sources */ = {isa = PBXBuildFile; fileRef = 859DB18D1C083E8D005602C6 /* JSONAPI.m */; };
		859DB19D1C083E8D005602C6 /* JSONHTTPClient.m in Sources */ = {isa = PBXBuildFile; fileRef = 859DB18F1C083E8D005602C6 /* JSONHTTPClient.m */; };
		859DB19E1C083E8D005602C6 /* JSONModel+networking.m in Sources */ = {isa = PBXBuildFile; fileRef = 859DB1911C083E8D005602C6 /* JSONModel+networking.m */; };
		859DB19F1C083E8D005602C6 /* JSONKeyMapper.m in Sources */ = {isa = PBXBuildFile; fileRef = 859DB1941C083E8D005602C6 /* JSONKeyMapper.m */; };
		859DB1A01C083E8D005602C6 /* JSONValueTransformer.m in Sources */ = {isa = PBXBuildFile; fileRef = 859DB1961C083E8D005602C6 /* JSONValueTransformer.m */; };
		859DB1A41C084633005602C6 /* ClaimSituationCellCell.m in Sources */ = {isa = PBXBuildFile; fileRef = 859DB1A21C084633005602C6 /* ClaimSituationCellCell.m */; };
		859DB1A51C084633005602C6 /* ClaimSituationCellCell.xib in Resources */ = {isa = PBXBuildFile; fileRef = 859DB1A31C084633005602C6 /* ClaimSituationCellCell.xib */; };
		859DB1A91C0851F4005602C6 /* DataStatisticsCell.m in Sources */ = {isa = PBXBuildFile; fileRef = 859DB1A71C0851F4005602C6 /* DataStatisticsCell.m */; };
		859DB1AA1C0851F4005602C6 /* DataStatisticsCell.xib in Resources */ = {isa = PBXBuildFile; fileRef = 859DB1A81C0851F4005602C6 /* DataStatisticsCell.xib */; };
		859DB1AE1C085219005602C6 /* CompanyRankCell.m in Sources */ = {isa = PBXBuildFile; fileRef = 859DB1AC1C085219005602C6 /* CompanyRankCell.m */; };
		85A6CD6B1C0C24DA001AEEDE /* ClaimDetailViewController.xib in Resources */ = {isa = PBXBuildFile; fileRef = 85A6CD6A1C0C24DA001AEEDE /* ClaimDetailViewController.xib */; };
		85AB10631C117AF300DC130D /* ClaimTotalCell.m in Sources */ = {isa = PBXBuildFile; fileRef = 85AB10611C117AF300DC130D /* ClaimTotalCell.m */; };
		85AB10641C117AF300DC130D /* ClaimTotalCell.xib in Resources */ = {isa = PBXBuildFile; fileRef = 85AB10621C117AF300DC130D /* ClaimTotalCell.xib */; };
		85AB10671C11BA9700DC130D /* AppVerModel.m in Sources */ = {isa = PBXBuildFile; fileRef = 85AB10661C11BA9700DC130D /* AppVerModel.m */; };
		85BF74E71C0E803900B80CAD /* DetachmentModel.m in Sources */ = {isa = PBXBuildFile; fileRef = 85BF74E61C0E803900B80CAD /* DetachmentModel.m */; };
		85BF74EA1C0E849D00B80CAD /* DetDataModel.m in Sources */ = {isa = PBXBuildFile; fileRef = 85BF74E91C0E849D00B80CAD /* DetDataModel.m */; };
		85BF74ED1C0EC31000B80CAD /* ClaimModel.m in Sources */ = {isa = PBXBuildFile; fileRef = 85BF74EC1C0EC31000B80CAD /* ClaimModel.m */; };
		85BF74F31C0EC33900B80CAD /* ClaimDataModel.m in Sources */ = {isa = PBXBuildFile; fileRef = 85BF74F21C0EC33900B80CAD /* ClaimDataModel.m */; };
		85BF74F61C0EC34E00B80CAD /* PicModel.m in Sources */ = {isa = PBXBuildFile; fileRef = 85BF74F51C0EC34E00B80CAD /* PicModel.m */; };
		85BF74FC1C0EC37600B80CAD /* InsModel.m in Sources */ = {isa = PBXBuildFile; fileRef = 85BF74FB1C0EC37600B80CAD /* InsModel.m */; };
		85BF74FF1C0EC38B00B80CAD /* DutModel.m in Sources */ = {isa = PBXBuildFile; fileRef = 85BF74FE1C0EC38B00B80CAD /* DutModel.m */; };
		85BF75021C0EC39E00B80CAD /* CpsModel.m in Sources */ = {isa = PBXBuildFile; fileRef = 85BF75011C0EC39E00B80CAD /* CpsModel.m */; };
		85BF75081C0EC9D300B80CAD /* CompanyModel.m in Sources */ = {isa = PBXBuildFile; fileRef = 85BF75071C0EC9D300B80CAD /* CompanyModel.m */; };
		85BF750B1C0ECBF200B80CAD /* InsDataModel.m in Sources */ = {isa = PBXBuildFile; fileRef = 85BF750A1C0ECBF200B80CAD /* InsDataModel.m */; };
		85BF750E1C0ED25700B80CAD /* ClaimDetailModel.m in Sources */ = {isa = PBXBuildFile; fileRef = 85BF750D1C0ED25700B80CAD /* ClaimDetailModel.m */; };
		85BF75141C0ED59C00B80CAD /* NumModel.m in Sources */ = {isa = PBXBuildFile; fileRef = 85BF75131C0ED59C00B80CAD /* NumModel.m */; };
		85BF75171C0ED5A800B80CAD /* ProModel.m in Sources */ = {isa = PBXBuildFile; fileRef = 85BF75161C0ED5A800B80CAD /* ProModel.m */; };
		85BF751A1C0ED63200B80CAD /* DataDetail.m in Sources */ = {isa = PBXBuildFile; fileRef = 85BF75191C0ED63200B80CAD /* DataDetail.m */; };
		A6D2E4E54302EC92DC1FA43B /* libPods.a in Frameworks */ = {isa = PBXBuildFile; fileRef = 7C2A74D23C2B0CB472982814 /* libPods.a */; };
/* End PBXBuildFile section */

/* Begin PBXContainerItemProxy section */
		589FE1171C04ABA40043181D /* PBXContainerItemProxy */ = {
			isa = PBXContainerItemProxy;
			containerPortal = 589FE0F51C04ABA40043181D /* Project object */;
			proxyType = 1;
			remoteGlobalIDString = 589FE0FC1C04ABA40043181D;
			remoteInfo = KCKPLeader;
		};
/* End PBXContainerItemProxy section */

/* Begin PBXFileReference section */
		395D80AE113C2B613D4615D7 /* Pods.release.xcconfig */ = {isa = PBXFileReference; includeInIndex = 1; lastKnownFileType = text.xcconfig; name = Pods.release.xcconfig; path = "Pods/Target Support Files/Pods/Pods.release.xcconfig"; sourceTree = "<group>"; };
		589FE0FD1C04ABA40043181D /* KCKPLeader.app */ = {isa = PBXFileReference; explicitFileType = wrapper.application; includeInIndex = 0; path = KCKPLeader.app; sourceTree = BUILT_PRODUCTS_DIR; };
		589FE1011C04ABA40043181D /* Info.plist */ = {isa = PBXFileReference; lastKnownFileType = text.plist.xml; path = Info.plist; sourceTree = "<group>"; };
		589FE1021C04ABA40043181D /* main.m */ = {isa = PBXFileReference; lastKnownFileType = sourcecode.c.objc; path = main.m; sourceTree = "<group>"; };
		589FE1041C04ABA40043181D /* AppDelegate.h */ = {isa = PBXFileReference; lastKnownFileType = sourcecode.c.h; path = AppDelegate.h; sourceTree = "<group>"; };
		589FE1051C04ABA40043181D /* AppDelegate.m */ = {isa = PBXFileReference; lastKnownFileType = sourcecode.c.objc; path = AppDelegate.m; sourceTree = "<group>"; };
		589FE10D1C04ABA40043181D /* Images.xcassets */ = {isa = PBXFileReference; lastKnownFileType = folder.assetcatalog; path = Images.xcassets; sourceTree = "<group>"; };
		589FE1101C04ABA40043181D /* Base */ = {isa = PBXFileReference; lastKnownFileType = file.xib; name = Base; path = Base.lproj/LaunchScreen.xib; sourceTree = "<group>"; };
		589FE1161C04ABA40043181D /* KCKPLeaderTests.xctest */ = {isa = PBXFileReference; explicitFileType = wrapper.cfbundle; includeInIndex = 0; path = KCKPLeaderTests.xctest; sourceTree = BUILT_PRODUCTS_DIR; };
		589FE11B1C04ABA40043181D /* Info.plist */ = {isa = PBXFileReference; lastKnownFileType = text.plist.xml; path = Info.plist; sourceTree = "<group>"; };
		589FE11C1C04ABA40043181D /* KCKPLeaderTests.m */ = {isa = PBXFileReference; lastKnownFileType = sourcecode.c.objc; path = KCKPLeaderTests.m; sourceTree = "<group>"; };
		589FE1281C04AE5C0043181D /* EntityBean.h */ = {isa = PBXFileReference; fileEncoding = 4; lastKnownFileType = sourcecode.c.h; path = EntityBean.h; sourceTree = "<group>"; };
		589FE1291C04AE5C0043181D /* Globle.h */ = {isa = PBXFileReference; fileEncoding = 4; lastKnownFileType = sourcecode.c.h; path = Globle.h; sourceTree = "<group>"; };
		589FE12A1C04AE5C0043181D /* QueryParameter.h */ = {isa = PBXFileReference; fileEncoding = 4; lastKnownFileType = sourcecode.c.h; path = QueryParameter.h; sourceTree = "<group>"; };
		589FE12B1C04AE5C0043181D /* SearchParameters.h */ = {isa = PBXFileReference; fileEncoding = 4; lastKnownFileType = sourcecode.c.h; path = SearchParameters.h; sourceTree = "<group>"; };
		589FE12D1C04AE5C0043181D /* EntityBean.m */ = {isa = PBXFileReference; fileEncoding = 4; lastKnownFileType = sourcecode.c.objc; path = EntityBean.m; sourceTree = "<group>"; };
		589FE12E1C04AE5C0043181D /* Globle.m */ = {isa = PBXFileReference; fileEncoding = 4; lastKnownFileType = sourcecode.c.objc; path = Globle.m; sourceTree = "<group>"; };
		589FE12F1C04AE5C0043181D /* QueryParameter.m */ = {isa = PBXFileReference; fileEncoding = 4; lastKnownFileType = sourcecode.c.objc; path = QueryParameter.m; sourceTree = "<group>"; };
		589FE1301C04AE5C0043181D /* SearchParameters.m */ = {isa = PBXFileReference; fileEncoding = 4; lastKnownFileType = sourcecode.c.objc; path = SearchParameters.m; sourceTree = "<group>"; };
		589FE1361C04AEB30043181D /* AFNetWorkService.h */ = {isa = PBXFileReference; fileEncoding = 4; lastKnownFileType = sourcecode.c.h; path = AFNetWorkService.h; sourceTree = "<group>"; };
		589FE1371C04AEB30043181D /* AFNetWorkService.m */ = {isa = PBXFileReference; fileEncoding = 4; lastKnownFileType = sourcecode.c.objc; path = AFNetWorkService.m; sourceTree = "<group>"; };
		589FE13D1C04AFD60043181D /* KCKPLeader.pch */ = {isa = PBXFileReference; lastKnownFileType = sourcecode.c.h; path = KCKPLeader.pch; sourceTree = "<group>"; };
		7C2A74D23C2B0CB472982814 /* libPods.a */ = {isa = PBXFileReference; explicitFileType = archive.ar; includeInIndex = 0; path = libPods.a; sourceTree = BUILT_PRODUCTS_DIR; };
		853D73271C09CAC20011429E /* CustomView.h */ = {isa = PBXFileReference; fileEncoding = 4; lastKnownFileType = sourcecode.c.h; path = CustomView.h; sourceTree = "<group>"; };
		853D73281C09CAC20011429E /* CustomView.m */ = {isa = PBXFileReference; fileEncoding = 4; lastKnownFileType = sourcecode.c.objc; path = CustomView.m; sourceTree = "<group>"; };
		853DB5171C155348003F5BBA /* DayPicModel.h */ = {isa = PBXFileReference; fileEncoding = 4; lastKnownFileType = sourcecode.c.h; path = DayPicModel.h; sourceTree = "<group>"; };
		853DB5181C155348003F5BBA /* DayPicModel.m */ = {isa = PBXFileReference; fileEncoding = 4; lastKnownFileType = sourcecode.c.objc; path = DayPicModel.m; sourceTree = "<group>"; };
		853DB51A1C15535F003F5BBA /* DayDutModel.h */ = {isa = PBXFileReference; fileEncoding = 4; lastKnownFileType = sourcecode.c.h; path = DayDutModel.h; sourceTree = "<group>"; };
		853DB51B1C15535F003F5BBA /* DayDutModel.m */ = {isa = PBXFileReference; fileEncoding = 4; lastKnownFileType = sourcecode.c.objc; path = DayDutModel.m; sourceTree = "<group>"; };
		853DB51D1C155370003F5BBA /* DayInsModel.h */ = {isa = PBXFileReference; fileEncoding = 4; lastKnownFileType = sourcecode.c.h; path = DayInsModel.h; sourceTree = "<group>"; };
		853DB51E1C155370003F5BBA /* DayInsModel.m */ = {isa = PBXFileReference; fileEncoding = 4; lastKnownFileType = sourcecode.c.objc; path = DayInsModel.m; sourceTree = "<group>"; };
		853DB5201C15539B003F5BBA /* DayCpsModel.h */ = {isa = PBXFileReference; fileEncoding = 4; lastKnownFileType = sourcecode.c.h; path = DayCpsModel.h; sourceTree = "<group>"; };
		853DB5211C15539B003F5BBA /* DayCpsModel.m */ = {isa = PBXFileReference; fileEncoding = 4; lastKnownFileType = sourcecode.c.objc; path = DayCpsModel.m; sourceTree = "<group>"; };
		8541A6F41C06A45D00B8BB2E /* ChangePassWordViewController.h */ = {isa = PBXFileReference; fileEncoding = 4; lastKnownFileType = sourcecode.c.h; path = ChangePassWordViewController.h; sourceTree = "<group>"; };
		8541A6F51C06A45D00B8BB2E /* ChangePassWordViewController.m */ = {isa = PBXFileReference; fileEncoding = 4; lastKnownFileType = sourcecode.c.objc; path = ChangePassWordViewController.m; sourceTree = "<group>"; };
		8541A6F91C06B15300B8BB2E /* PhoneBindingViewController.xib */ = {isa = PBXFileReference; fileEncoding = 4; lastKnownFileType = file.xib; path = PhoneBindingViewController.xib; sourceTree = "<group>"; };
		8541A6FD1C06D23200B8BB2E /* LoginViewController.h */ = {isa = PBXFileReference; fileEncoding = 4; lastKnownFileType = sourcecode.c.h; path = LoginViewController.h; sourceTree = "<group>"; };
		8541A6FE1C06D23200B8BB2E /* LoginViewController.m */ = {isa = PBXFileReference; fileEncoding = 4; lastKnownFileType = sourcecode.c.objc; path = LoginViewController.m; sourceTree = "<group>"; };
		8541A7021C06F22400B8BB2E /* Login.storyboard */ = {isa = PBXFileReference; fileEncoding = 4; lastKnownFileType = file.storyboard; path = Login.storyboard; sourceTree = "<group>"; };
		8541A7041C07002D00B8BB2E /* TotalSituationViewController.h */ = {isa = PBXFileReference; fileEncoding = 4; lastKnownFileType = sourcecode.c.h; path = TotalSituationViewController.h; sourceTree = "<group>"; };
		8541A7051C07002D00B8BB2E /* TotalSituationViewController.m */ = {isa = PBXFileReference; fileEncoding = 4; lastKnownFileType = sourcecode.c.objc; path = TotalSituationViewController.m; sourceTree = "<group>"; };
		8541A7081C070FAA00B8BB2E /* NSString+NSStringMD5.h */ = {isa = PBXFileReference; fileEncoding = 4; lastKnownFileType = sourcecode.c.h; path = "NSString+NSStringMD5.h"; sourceTree = "<group>"; };
		8541A7091C070FAA00B8BB2E /* NSString+NSStringMD5.m */ = {isa = PBXFileReference; fileEncoding = 4; lastKnownFileType = sourcecode.c.objc; path = "NSString+NSStringMD5.m"; sourceTree = "<group>"; };
		8541A70A1C070FAA00B8BB2E /* UIViewExt.h */ = {isa = PBXFileReference; fileEncoding = 4; lastKnownFileType = sourcecode.c.h; path = UIViewExt.h; sourceTree = "<group>"; };
		8541A70B1C070FAA00B8BB2E /* UIViewExt.m */ = {isa = PBXFileReference; fileEncoding = 4; lastKnownFileType = sourcecode.c.objc; path = UIViewExt.m; sourceTree = "<group>"; };
		8541A70C1C070FAA00B8BB2E /* Util.h */ = {isa = PBXFileReference; fileEncoding = 4; lastKnownFileType = sourcecode.c.h; path = Util.h; sourceTree = "<group>"; };
		8541A70D1C070FAA00B8BB2E /* Util.m */ = {isa = PBXFileReference; fileEncoding = 4; lastKnownFileType = sourcecode.c.objc; path = Util.m; sourceTree = "<group>"; };
		8541A7111C070FD400B8BB2E /* Demo.h */ = {isa = PBXFileReference; fileEncoding = 4; lastKnownFileType = sourcecode.c.h; path = Demo.h; sourceTree = "<group>"; };
		8541A7121C070FD400B8BB2E /* Demo.m */ = {isa = PBXFileReference; fileEncoding = 4; lastKnownFileType = sourcecode.c.objc; path = Demo.m; sourceTree = "<group>"; };
		8546D0AC1C0D40BE00317CFA /* SectionView.xib */ = {isa = PBXFileReference; fileEncoding = 4; lastKnownFileType = file.xib; path = SectionView.xib; sourceTree = "<group>"; };
		8546D0AE1C0D41E400317CFA /* SectionView.h */ = {isa = PBXFileReference; fileEncoding = 4; lastKnownFileType = sourcecode.c.h; path = SectionView.h; sourceTree = "<group>"; };
		8546D0AF1C0D41E400317CFA /* SectionView.m */ = {isa = PBXFileReference; fileEncoding = 4; lastKnownFileType = sourcecode.c.objc; path = SectionView.m; sourceTree = "<group>"; };
		8546D1141C0D756A00317CFA /* DESCript.m */ = {isa = PBXFileReference; fileEncoding = 4; lastKnownFileType = sourcecode.c.objc; path = DESCript.m; sourceTree = "<group>"; };
		8546D1151C0D756A00317CFA /* DESCript.h */ = {isa = PBXFileReference; fileEncoding = 4; lastKnownFileType = sourcecode.c.h; path = DESCript.h; sourceTree = "<group>"; };
		8546D1171C0D762700317CFA /* GTMBase64.h */ = {isa = PBXFileReference; fileEncoding = 4; lastKnownFileType = sourcecode.c.h; path = GTMBase64.h; sourceTree = "<group>"; };
		8546D1181C0D762700317CFA /* GTMBase64.m */ = {isa = PBXFileReference; fileEncoding = 4; lastKnownFileType = sourcecode.c.objc; path = GTMBase64.m; sourceTree = "<group>"; };
		8546D1191C0D762700317CFA /* GTMDefines.h */ = {isa = PBXFileReference; fileEncoding = 4; lastKnownFileType = sourcecode.c.h; path = GTMDefines.h; sourceTree = "<group>"; };
		8546D11B1C0D8DA400317CFA /* CaseModel.h */ = {isa = PBXFileReference; fileEncoding = 4; lastKnownFileType = sourcecode.c.h; path = CaseModel.h; sourceTree = "<group>"; };
		8546D11C1C0D8DA400317CFA /* CaseModel.m */ = {isa = PBXFileReference; fileEncoding = 4; lastKnownFileType = sourcecode.c.objc; path = CaseModel.m; sourceTree = "<group>"; };
		8546D1411C0D955E00317CFA /* VolnumModel.h */ = {isa = PBXFileReference; fileEncoding = 4; lastKnownFileType = sourcecode.c.h; path = VolnumModel.h; sourceTree = "<group>"; };
		8546D1421C0D955E00317CFA /* VolnumModel.m */ = {isa = PBXFileReference; fileEncoding = 4; lastKnownFileType = sourcecode.c.objc; path = VolnumModel.m; sourceTree = "<group>"; };
		8546D1441C0D957800317CFA /* InsnumModel.h */ = {isa = PBXFileReference; fileEncoding = 4; lastKnownFileType = sourcecode.c.h; path = InsnumModel.h; sourceTree = "<group>"; };
		8546D1451C0D957800317CFA /* InsnumModel.m */ = {isa = PBXFileReference; fileEncoding = 4; lastKnownFileType = sourcecode.c.objc; path = InsnumModel.m; sourceTree = "<group>"; };
		8546D1471C0D95B000317CFA /* AllnumModel.h */ = {isa = PBXFileReference; fileEncoding = 4; lastKnownFileType = sourcecode.c.h; path = AllnumModel.h; sourceTree = "<group>"; };
		8546D1481C0D95B000317CFA /* AllnumModel.m */ = {isa = PBXFileReference; fileEncoding = 4; lastKnownFileType = sourcecode.c.objc; path = AllnumModel.m; sourceTree = "<group>"; };
		8546D14A1C0D95DB00317CFA /* ScenumModel.h */ = {isa = PBXFileReference; fileEncoding = 4; lastKnownFileType = sourcecode.c.h; path = ScenumModel.h; sourceTree = "<group>"; };
		8546D14B1C0D95DB00317CFA /* ScenumModel.m */ = {isa = PBXFileReference; fileEncoding = 4; lastKnownFileType = sourcecode.c.objc; path = ScenumModel.m; sourceTree = "<group>"; };
		8546D14D1C0D95F400317CFA /* PolnumModel.h */ = {isa = PBXFileReference; fileEncoding = 4; lastKnownFileType = sourcecode.c.h; path = PolnumModel.h; sourceTree = "<group>"; };
		8546D14E1C0D95F400317CFA /* PolnumModel.m */ = {isa = PBXFileReference; fileEncoding = 4; lastKnownFileType = sourcecode.c.objc; path = PolnumModel.m; sourceTree = "<group>"; };
		8546D1501C0D966F00317CFA /* DataModel.h */ = {isa = PBXFileReference; fileEncoding = 4; lastKnownFileType = sourcecode.c.h; path = DataModel.h; sourceTree = "<group>"; };
		8546D1511C0D966F00317CFA /* DataModel.m */ = {isa = PBXFileReference; fileEncoding = 4; lastKnownFileType = sourcecode.c.objc; path = DataModel.m; sourceTree = "<group>"; };
		8546D1561C0DB30400317CFA /* ScrollModel.h */ = {isa = PBXFileReference; fileEncoding = 4; lastKnownFileType = sourcecode.c.h; path = ScrollModel.h; sourceTree = "<group>"; };
		8546D1571C0DB30400317CFA /* ScrollModel.m */ = {isa = PBXFileReference; fileEncoding = 4; lastKnownFileType = sourcecode.c.objc; path = ScrollModel.m; sourceTree = "<group>"; };
		8546D1591C0DB46300317CFA /* ScrollDataModel.h */ = {isa = PBXFileReference; fileEncoding = 4; lastKnownFileType = sourcecode.c.h; path = ScrollDataModel.h; sourceTree = "<group>"; };
		8546D15A1C0DB46300317CFA /* ScrollDataModel.m */ = {isa = PBXFileReference; fileEncoding = 4; lastKnownFileType = sourcecode.c.objc; path = ScrollDataModel.m; sourceTree = "<group>"; };
		8546D15C1C0DBCB300317CFA /* AppModel.h */ = {isa = PBXFileReference; fileEncoding = 4; lastKnownFileType = sourcecode.c.h; path = AppModel.h; sourceTree = "<group>"; };
		8546D15D1C0DBCB300317CFA /* AppModel.m */ = {isa = PBXFileReference; fileEncoding = 4; lastKnownFileType = sourcecode.c.objc; path = AppModel.m; sourceTree = "<group>"; };
		8546D15F1C0DBCBE00317CFA /* AppDataModel.h */ = {isa = PBXFileReference; fileEncoding = 4; lastKnownFileType = sourcecode.c.h; path = AppDataModel.h; sourceTree = "<group>"; };
		8546D1601C0DBCBE00317CFA /* AppDataModel.m */ = {isa = PBXFileReference; fileEncoding = 4; lastKnownFileType = sourcecode.c.objc; path = AppDataModel.m; sourceTree = "<group>"; };
		859067631C055D8500E9E15E /* BaseViewController.h */ = {isa = PBXFileReference; fileEncoding = 4; lastKnownFileType = sourcecode.c.h; path = BaseViewController.h; sourceTree = "<group>"; };
		859067641C055D8500E9E15E /* BaseViewController.m */ = {isa = PBXFileReference; fileEncoding = 4; lastKnownFileType = sourcecode.c.objc; path = BaseViewController.m; sourceTree = "<group>"; };
		859067651C055D8500E9E15E /* EPNaviController.h */ = {isa = PBXFileReference; fileEncoding = 4; lastKnownFileType = sourcecode.c.h; path = EPNaviController.h; sourceTree = "<group>"; };
		859067661C055D8500E9E15E /* EPNaviController.m */ = {isa = PBXFileReference; fileEncoding = 4; lastKnownFileType = sourcecode.c.objc; path = EPNaviController.m; sourceTree = "<group>"; };
		859067671C055D8500E9E15E /* EPTabBarController.h */ = {isa = PBXFileReference; fileEncoding = 4; lastKnownFileType = sourcecode.c.h; path = EPTabBarController.h; sourceTree = "<group>"; };
		859067681C055D8500E9E15E /* EPTabBarController.m */ = {isa = PBXFileReference; fileEncoding = 4; lastKnownFileType = sourcecode.c.objc; path = EPTabBarController.m; sourceTree = "<group>"; };
		8590676D1C055D8D00E9E15E /* DecisionAnalysisViewController.h */ = {isa = PBXFileReference; fileEncoding = 4; lastKnownFileType = sourcecode.c.h; path = DecisionAnalysisViewController.h; sourceTree = "<group>"; };
		8590676E1C055D8D00E9E15E /* DecisionAnalysisViewController.m */ = {isa = PBXFileReference; fileEncoding = 4; lastKnownFileType = sourcecode.c.objc; path = DecisionAnalysisViewController.m; sourceTree = "<group>"; };
		859067701C055D8D00E9E15E /* HomePageViewController.h */ = {isa = PBXFileReference; fileEncoding = 4; lastKnownFileType = sourcecode.c.h; path = HomePageViewController.h; sourceTree = "<group>"; };
		859067711C055D8D00E9E15E /* HomePageViewController.m */ = {isa = PBXFileReference; fileEncoding = 4; lastKnownFileType = sourcecode.c.objc; path = HomePageViewController.m; sourceTree = "<group>"; };
		859067731C055D8D00E9E15E /* ProcessSituationViewController.h */ = {isa = PBXFileReference; fileEncoding = 4; lastKnownFileType = sourcecode.c.h; path = ProcessSituationViewController.h; sourceTree = "<group>"; };
		859067741C055D8D00E9E15E /* ProcessSituationViewController.m */ = {isa = PBXFileReference; fileEncoding = 4; lastKnownFileType = sourcecode.c.objc; path = ProcessSituationViewController.m; sourceTree = "<group>"; };
		859067761C055D8D00E9E15E /* SettingViewController.h */ = {isa = PBXFileReference; fileEncoding = 4; lastKnownFileType = sourcecode.c.h; path = SettingViewController.h; sourceTree = "<group>"; };
		859067771C055D8D00E9E15E /* SettingViewController.m */ = {isa = PBXFileReference; fileEncoding = 4; lastKnownFileType = sourcecode.c.objc; path = SettingViewController.m; sourceTree = "<group>"; };
		8590677C1C055E0600E9E15E /* HMSegmentedControl.h */ = {isa = PBXFileReference; fileEncoding = 4; lastKnownFileType = sourcecode.c.h; path = HMSegmentedControl.h; sourceTree = "<group>"; };
		8590677D1C055E0600E9E15E /* HMSegmentedControl.m */ = {isa = PBXFileReference; fileEncoding = 4; lastKnownFileType = sourcecode.c.objc; path = HMSegmentedControl.m; sourceTree = "<group>"; };
		8590677F1C055E4700E9E15E /* Main.storyboard */ = {isa = PBXFileReference; fileEncoding = 4; lastKnownFileType = file.storyboard; path = Main.storyboard; sourceTree = "<group>"; };
		859067901C0586F200E9E15E /* CaseTableViewCell.h */ = {isa = PBXFileReference; fileEncoding = 4; lastKnownFileType = sourcecode.c.h; path = CaseTableViewCell.h; sourceTree = "<group>"; };
		859067911C0586F200E9E15E /* CaseTableViewCell.m */ = {isa = PBXFileReference; fileEncoding = 4; lastKnownFileType = sourcecode.c.objc; path = CaseTableViewCell.m; sourceTree = "<group>"; };
		859067921C0586F200E9E15E /* CaseTableViewCell.xib */ = {isa = PBXFileReference; fileEncoding = 4; lastKnownFileType = file.xib; path = CaseTableViewCell.xib; sourceTree = "<group>"; };
		859067951C058CEC00E9E15E /* TotalTableViewCell.h */ = {isa = PBXFileReference; fileEncoding = 4; lastKnownFileType = sourcecode.c.h; path = TotalTableViewCell.h; sourceTree = "<group>"; };
		859067961C058CEC00E9E15E /* TotalTableViewCell.m */ = {isa = PBXFileReference; fileEncoding = 4; lastKnownFileType = sourcecode.c.objc; path = TotalTableViewCell.m; sourceTree = "<group>"; };
		859067971C058CEC00E9E15E /* TotalTableViewCell.xib */ = {isa = PBXFileReference; fileEncoding = 4; lastKnownFileType = file.xib; path = TotalTableViewCell.xib; sourceTree = "<group>"; };
		8590679A1C059E9C00E9E15E /* ProcessSituationCell.h */ = {isa = PBXFileReference; fileEncoding = 4; lastKnownFileType = sourcecode.c.h; path = ProcessSituationCell.h; sourceTree = "<group>"; };
		8590679B1C059E9C00E9E15E /* ProcessSituationCell.m */ = {isa = PBXFileReference; fileEncoding = 4; lastKnownFileType = sourcecode.c.objc; path = ProcessSituationCell.m; sourceTree = "<group>"; };
		8590679C1C059E9C00E9E15E /* ProcessSituationCell.xib */ = {isa = PBXFileReference; fileEncoding = 4; lastKnownFileType = file.xib; path = ProcessSituationCell.xib; sourceTree = "<group>"; };
		8590679F1C05A53600E9E15E /* SettingTableViewCell.h */ = {isa = PBXFileReference; fileEncoding = 4; lastKnownFileType = sourcecode.c.h; path = SettingTableViewCell.h; sourceTree = "<group>"; };
		859067A01C05A53600E9E15E /* SettingTableViewCell.m */ = {isa = PBXFileReference; fileEncoding = 4; lastKnownFileType = sourcecode.c.objc; path = SettingTableViewCell.m; sourceTree = "<group>"; };
		859067A11C05A53600E9E15E /* SettingTableViewCell.xib */ = {isa = PBXFileReference; fileEncoding = 4; lastKnownFileType = file.xib; path = SettingTableViewCell.xib; sourceTree = "<group>"; };
		859067A41C05AF2200E9E15E /* TrafficAccidentViewController.h */ = {isa = PBXFileReference; fileEncoding = 4; lastKnownFileType = sourcecode.c.h; path = TrafficAccidentViewController.h; sourceTree = "<group>"; };
		859067A51C05AF2200E9E15E /* TrafficAccidentViewController.m */ = {isa = PBXFileReference; fileEncoding = 4; lastKnownFileType = sourcecode.c.objc; path = TrafficAccidentViewController.m; sourceTree = "<group>"; };
		859067A71C05AF4A00E9E15E /* ClaimViewController.h */ = {isa = PBXFileReference; fileEncoding = 4; lastKnownFileType = sourcecode.c.h; path = ClaimViewController.h; sourceTree = "<group>"; };
		859067A81C05AF4A00E9E15E /* ClaimViewController.m */ = {isa = PBXFileReference; fileEncoding = 4; lastKnownFileType = sourcecode.c.objc; path = ClaimViewController.m; sourceTree = "<group>"; };
		859067AA1C05AF7100E9E15E /* InsuranceViewController.h */ = {isa = PBXFileReference; fileEncoding = 4; lastKnownFileType = sourcecode.c.h; path = InsuranceViewController.h; sourceTree = "<group>"; };
		859067AB1C05AF7100E9E15E /* InsuranceViewController.m */ = {isa = PBXFileReference; fileEncoding = 4; lastKnownFileType = sourcecode.c.objc; path = InsuranceViewController.m; sourceTree = "<group>"; };
		859067AD1C05AFA600E9E15E /* ClaimDetailViewController.h */ = {isa = PBXFileReference; fileEncoding = 4; lastKnownFileType = sourcecode.c.h; path = ClaimDetailViewController.h; sourceTree = "<group>"; };
		859067AE1C05AFA600E9E15E /* ClaimDetailViewController.m */ = {isa = PBXFileReference; fileEncoding = 4; lastKnownFileType = sourcecode.c.objc; path = ClaimDetailViewController.m; sourceTree = "<group>"; };
		859067B01C05AFEA00E9E15E /* PlaceViewController.h */ = {isa = PBXFileReference; fileEncoding = 4; lastKnownFileType = sourcecode.c.h; path = PlaceViewController.h; sourceTree = "<group>"; };
		859067B11C05AFEA00E9E15E /* PlaceViewController.m */ = {isa = PBXFileReference; fileEncoding = 4; lastKnownFileType = sourcecode.c.objc; path = PlaceViewController.m; sourceTree = "<group>"; };
		859067B31C05AFFC00E9E15E /* TimeViewController.h */ = {isa = PBXFileReference; fileEncoding = 4; lastKnownFileType = sourcecode.c.h; path = TimeViewController.h; sourceTree = "<group>"; };
		859067B41C05AFFC00E9E15E /* TimeViewController.m */ = {isa = PBXFileReference; fileEncoding = 4; lastKnownFileType = sourcecode.c.objc; path = TimeViewController.m; sourceTree = "<group>"; };
		859067B61C05B01F00E9E15E /* CircumstancesViewController.h */ = {isa = PBXFileReference; fileEncoding = 4; lastKnownFileType = sourcecode.c.h; path = CircumstancesViewController.h; sourceTree = "<group>"; };
		859067B71C05B01F00E9E15E /* CircumstancesViewController.m */ = {isa = PBXFileReference; fileEncoding = 4; lastKnownFileType = sourcecode.c.objc; path = CircumstancesViewController.m; sourceTree = "<group>"; };
		859067B91C05B08000E9E15E /* UserNameViewController.h */ = {isa = PBXFileReference; fileEncoding = 4; lastKnownFileType = sourcecode.c.h; path = UserNameViewController.h; sourceTree = "<group>"; };
		859067BA1C05B08000E9E15E /* UserNameViewController.m */ = {isa = PBXFileReference; fileEncoding = 4; lastKnownFileType = sourcecode.c.objc; path = UserNameViewController.m; sourceTree = "<group>"; };
		859067BF1C05B13400E9E15E /* PhoneBindingViewController.h */ = {isa = PBXFileReference; fileEncoding = 4; lastKnownFileType = sourcecode.c.h; path = PhoneBindingViewController.h; sourceTree = "<group>"; };
		859067C01C05B13400E9E15E /* PhoneBindingViewController.m */ = {isa = PBXFileReference; fileEncoding = 4; lastKnownFileType = sourcecode.c.objc; path = PhoneBindingViewController.m; sourceTree = "<group>"; };
		859067C51C05BD9700E9E15E /* UserNameViewController.xib */ = {isa = PBXFileReference; fileEncoding = 4; lastKnownFileType = file.xib; path = UserNameViewController.xib; sourceTree = "<group>"; };
		859DB1771C07F238005602C6 /* ChangePassWordViewController.xib */ = {isa = PBXFileReference; fileEncoding = 4; lastKnownFileType = file.xib; path = ChangePassWordViewController.xib; sourceTree = "<group>"; };
		859DB17F1C083E8D005602C6 /* JSONModel.h */ = {isa = PBXFileReference; fileEncoding = 4; lastKnownFileType = sourcecode.c.h; path = JSONModel.h; sourceTree = "<group>"; };
		859DB1801C083E8D005602C6 /* JSONModel.m */ = {isa = PBXFileReference; fileEncoding = 4; lastKnownFileType = sourcecode.c.objc; path = JSONModel.m; sourceTree = "<group>"; };
		859DB1811C083E8D005602C6 /* JSONModelArray.h */ = {isa = PBXFileReference; fileEncoding = 4; lastKnownFileType = sourcecode.c.h; path = JSONModelArray.h; sourceTree = "<group>"; };
		859DB1821C083E8D005602C6 /* JSONModelArray.m */ = {isa = PBXFileReference; fileEncoding = 4; lastKnownFileType = sourcecode.c.objc; path = JSONModelArray.m; sourceTree = "<group>"; };
		859DB1831C083E8D005602C6 /* JSONModelClassProperty.h */ = {isa = PBXFileReference; fileEncoding = 4; lastKnownFileType = sourcecode.c.h; path = JSONModelClassProperty.h; sourceTree = "<group>"; };
		859DB1841C083E8D005602C6 /* JSONModelClassProperty.m */ = {isa = PBXFileReference; fileEncoding = 4; lastKnownFileType = sourcecode.c.objc; path = JSONModelClassProperty.m; sourceTree = "<group>"; };
		859DB1851C083E8D005602C6 /* JSONModelError.h */ = {isa = PBXFileReference; fileEncoding = 4; lastKnownFileType = sourcecode.c.h; path = JSONModelError.h; sourceTree = "<group>"; };
		859DB1861C083E8D005602C6 /* JSONModelError.m */ = {isa = PBXFileReference; fileEncoding = 4; lastKnownFileType = sourcecode.c.objc; path = JSONModelError.m; sourceTree = "<group>"; };
		859DB1881C083E8D005602C6 /* NSArray+JSONModel.h */ = {isa = PBXFileReference; fileEncoding = 4; lastKnownFileType = sourcecode.c.h; path = "NSArray+JSONModel.h"; sourceTree = "<group>"; };
		859DB1891C083E8D005602C6 /* NSArray+JSONModel.m */ = {isa = PBXFileReference; fileEncoding = 4; lastKnownFileType = sourcecode.c.objc; path = "NSArray+JSONModel.m"; sourceTree = "<group>"; };
		859DB18A1C083E8D005602C6 /* JSONModelLib.h */ = {isa = PBXFileReference; fileEncoding = 4; lastKnownFileType = sourcecode.c.h; path = JSONModelLib.h; sourceTree = "<group>"; };
		859DB18C1C083E8D005602C6 /* JSONAPI.h */ = {isa = PBXFileReference; fileEncoding = 4; lastKnownFileType = sourcecode.c.h; path = JSONAPI.h; sourceTree = "<group>"; };
		859DB18D1C083E8D005602C6 /* JSONAPI.m */ = {isa = PBXFileReference; fileEncoding = 4; lastKnownFileType = sourcecode.c.objc; path = JSONAPI.m; sourceTree = "<group>"; };
		859DB18E1C083E8D005602C6 /* JSONHTTPClient.h */ = {isa = PBXFileReference; fileEncoding = 4; lastKnownFileType = sourcecode.c.h; path = JSONHTTPClient.h; sourceTree = "<group>"; };
		859DB18F1C083E8D005602C6 /* JSONHTTPClient.m */ = {isa = PBXFileReference; fileEncoding = 4; lastKnownFileType = sourcecode.c.objc; path = JSONHTTPClient.m; sourceTree = "<group>"; };
		859DB1901C083E8D005602C6 /* JSONModel+networking.h */ = {isa = PBXFileReference; fileEncoding = 4; lastKnownFileType = sourcecode.c.h; path = "JSONModel+networking.h"; sourceTree = "<group>"; };
		859DB1911C083E8D005602C6 /* JSONModel+networking.m */ = {isa = PBXFileReference; fileEncoding = 4; lastKnownFileType = sourcecode.c.objc; path = "JSONModel+networking.m"; sourceTree = "<group>"; };
		859DB1931C083E8D005602C6 /* JSONKeyMapper.h */ = {isa = PBXFileReference; fileEncoding = 4; lastKnownFileType = sourcecode.c.h; path = JSONKeyMapper.h; sourceTree = "<group>"; };
		859DB1941C083E8D005602C6 /* JSONKeyMapper.m */ = {isa = PBXFileReference; fileEncoding = 4; lastKnownFileType = sourcecode.c.objc; path = JSONKeyMapper.m; sourceTree = "<group>"; };
		859DB1951C083E8D005602C6 /* JSONValueTransformer.h */ = {isa = PBXFileReference; fileEncoding = 4; lastKnownFileType = sourcecode.c.h; path = JSONValueTransformer.h; sourceTree = "<group>"; };
		859DB1961C083E8D005602C6 /* JSONValueTransformer.m */ = {isa = PBXFileReference; fileEncoding = 4; lastKnownFileType = sourcecode.c.objc; path = JSONValueTransformer.m; sourceTree = "<group>"; };
		859DB1A11C084633005602C6 /* ClaimSituationCellCell.h */ = {isa = PBXFileReference; fileEncoding = 4; lastKnownFileType = sourcecode.c.h; path = ClaimSituationCellCell.h; sourceTree = "<group>"; };
		859DB1A21C084633005602C6 /* ClaimSituationCellCell.m */ = {isa = PBXFileReference; fileEncoding = 4; lastKnownFileType = sourcecode.c.objc; path = ClaimSituationCellCell.m; sourceTree = "<group>"; };
		859DB1A31C084633005602C6 /* ClaimSituationCellCell.xib */ = {isa = PBXFileReference; fileEncoding = 4; lastKnownFileType = file.xib; path = ClaimSituationCellCell.xib; sourceTree = "<group>"; };
		859DB1A61C0851F4005602C6 /* DataStatisticsCell.h */ = {isa = PBXFileReference; fileEncoding = 4; lastKnownFileType = sourcecode.c.h; path = DataStatisticsCell.h; sourceTree = "<group>"; };
		859DB1A71C0851F4005602C6 /* DataStatisticsCell.m */ = {isa = PBXFileReference; fileEncoding = 4; lastKnownFileType = sourcecode.c.objc; path = DataStatisticsCell.m; sourceTree = "<group>"; };
		859DB1A81C0851F4005602C6 /* DataStatisticsCell.xib */ = {isa = PBXFileReference; fileEncoding = 4; lastKnownFileType = file.xib; path = DataStatisticsCell.xib; sourceTree = "<group>"; };
		859DB1AB1C085219005602C6 /* CompanyRankCell.h */ = {isa = PBXFileReference; fileEncoding = 4; lastKnownFileType = sourcecode.c.h; path = CompanyRankCell.h; sourceTree = "<group>"; };
		859DB1AC1C085219005602C6 /* CompanyRankCell.m */ = {isa = PBXFileReference; fileEncoding = 4; lastKnownFileType = sourcecode.c.objc; path = CompanyRankCell.m; sourceTree = "<group>"; };
		85A6CD6A1C0C24DA001AEEDE /* ClaimDetailViewController.xib */ = {isa = PBXFileReference; fileEncoding = 4; lastKnownFileType = file.xib; path = ClaimDetailViewController.xib; sourceTree = "<group>"; };
		85AB10601C117AF300DC130D /* ClaimTotalCell.h */ = {isa = PBXFileReference; fileEncoding = 4; lastKnownFileType = sourcecode.c.h; path = ClaimTotalCell.h; sourceTree = "<group>"; };
		85AB10611C117AF300DC130D /* ClaimTotalCell.m */ = {isa = PBXFileReference; fileEncoding = 4; lastKnownFileType = sourcecode.c.objc; path = ClaimTotalCell.m; sourceTree = "<group>"; };
		85AB10621C117AF300DC130D /* ClaimTotalCell.xib */ = {isa = PBXFileReference; fileEncoding = 4; lastKnownFileType = file.xib; path = ClaimTotalCell.xib; sourceTree = "<group>"; };
		85AB10651C11BA9700DC130D /* AppVerModel.h */ = {isa = PBXFileReference; fileEncoding = 4; lastKnownFileType = sourcecode.c.h; path = AppVerModel.h; sourceTree = "<group>"; };
		85AB10661C11BA9700DC130D /* AppVerModel.m */ = {isa = PBXFileReference; fileEncoding = 4; lastKnownFileType = sourcecode.c.objc; path = AppVerModel.m; sourceTree = "<group>"; };
		85BF74E51C0E803900B80CAD /* DetachmentModel.h */ = {isa = PBXFileReference; fileEncoding = 4; lastKnownFileType = sourcecode.c.h; path = DetachmentModel.h; sourceTree = "<group>"; };
		85BF74E61C0E803900B80CAD /* DetachmentModel.m */ = {isa = PBXFileReference; fileEncoding = 4; lastKnownFileType = sourcecode.c.objc; path = DetachmentModel.m; sourceTree = "<group>"; };
		85BF74E81C0E849D00B80CAD /* DetDataModel.h */ = {isa = PBXFileReference; fileEncoding = 4; lastKnownFileType = sourcecode.c.h; path = DetDataModel.h; sourceTree = "<group>"; };
		85BF74E91C0E849D00B80CAD /* DetDataModel.m */ = {isa = PBXFileReference; fileEncoding = 4; lastKnownFileType = sourcecode.c.objc; path = DetDataModel.m; sourceTree = "<group>"; };
		85BF74EB1C0EC31000B80CAD /* ClaimModel.h */ = {isa = PBXFileReference; fileEncoding = 4; lastKnownFileType = sourcecode.c.h; path = ClaimModel.h; sourceTree = "<group>"; };
		85BF74EC1C0EC31000B80CAD /* ClaimModel.m */ = {isa = PBXFileReference; fileEncoding = 4; lastKnownFileType = sourcecode.c.objc; path = ClaimModel.m; sourceTree = "<group>"; };
		85BF74F11C0EC33900B80CAD /* ClaimDataModel.h */ = {isa = PBXFileReference; fileEncoding = 4; lastKnownFileType = sourcecode.c.h; path = ClaimDataModel.h; sourceTree = "<group>"; };
		85BF74F21C0EC33900B80CAD /* ClaimDataModel.m */ = {isa = PBXFileReference; fileEncoding = 4; lastKnownFileType = sourcecode.c.objc; path = ClaimDataModel.m; sourceTree = "<group>"; };
		85BF74F41C0EC34E00B80CAD /* PicModel.h */ = {isa = PBXFileReference; fileEncoding = 4; lastKnownFileType = sourcecode.c.h; path = PicModel.h; sourceTree = "<group>"; };
		85BF74F51C0EC34E00B80CAD /* PicModel.m */ = {isa = PBXFileReference; fileEncoding = 4; lastKnownFileType = sourcecode.c.objc; path = PicModel.m; sourceTree = "<group>"; };
		85BF74FA1C0EC37600B80CAD /* InsModel.h */ = {isa = PBXFileReference; fileEncoding = 4; lastKnownFileType = sourcecode.c.h; path = InsModel.h; sourceTree = "<group>"; };
		85BF74FB1C0EC37600B80CAD /* InsModel.m */ = {isa = PBXFileReference; fileEncoding = 4; lastKnownFileType = sourcecode.c.objc; path = InsModel.m; sourceTree = "<group>"; };
		85BF74FD1C0EC38B00B80CAD /* DutModel.h */ = {isa = PBXFileReference; fileEncoding = 4; lastKnownFileType = sourcecode.c.h; path = DutModel.h; sourceTree = "<group>"; };
		85BF74FE1C0EC38B00B80CAD /* DutModel.m */ = {isa = PBXFileReference; fileEncoding = 4; lastKnownFileType = sourcecode.c.objc; path = DutModel.m; sourceTree = "<group>"; };
		85BF75001C0EC39E00B80CAD /* CpsModel.h */ = {isa = PBXFileReference; fileEncoding = 4; lastKnownFileType = sourcecode.c.h; path = CpsModel.h; sourceTree = "<group>"; };
		85BF75011C0EC39E00B80CAD /* CpsModel.m */ = {isa = PBXFileReference; fileEncoding = 4; lastKnownFileType = sourcecode.c.objc; path = CpsModel.m; sourceTree = "<group>"; };
		85BF75061C0EC9D300B80CAD /* CompanyModel.h */ = {isa = PBXFileReference; fileEncoding = 4; lastKnownFileType = sourcecode.c.h; path = CompanyModel.h; sourceTree = "<group>"; };
		85BF75071C0EC9D300B80CAD /* CompanyModel.m */ = {isa = PBXFileReference; fileEncoding = 4; lastKnownFileType = sourcecode.c.objc; path = CompanyModel.m; sourceTree = "<group>"; };
		85BF75091C0ECBF200B80CAD /* InsDataModel.h */ = {isa = PBXFileReference; fileEncoding = 4; lastKnownFileType = sourcecode.c.h; path = InsDataModel.h; sourceTree = "<group>"; };
		85BF750A1C0ECBF200B80CAD /* InsDataModel.m */ = {isa = PBXFileReference; fileEncoding = 4; lastKnownFileType = sourcecode.c.objc; path = InsDataModel.m; sourceTree = "<group>"; };
		85BF750C1C0ED25700B80CAD /* ClaimDetailModel.h */ = {isa = PBXFileReference; fileEncoding = 4; lastKnownFileType = sourcecode.c.h; path = ClaimDetailModel.h; sourceTree = "<group>"; };
		85BF750D1C0ED25700B80CAD /* ClaimDetailModel.m */ = {isa = PBXFileReference; fileEncoding = 4; lastKnownFileType = sourcecode.c.objc; path = ClaimDetailModel.m; sourceTree = "<group>"; };
		85BF75121C0ED59C00B80CAD /* NumModel.h */ = {isa = PBXFileReference; fileEncoding = 4; lastKnownFileType = sourcecode.c.h; path = NumModel.h; sourceTree = "<group>"; };
		85BF75131C0ED59C00B80CAD /* NumModel.m */ = {isa = PBXFileReference; fileEncoding = 4; lastKnownFileType = sourcecode.c.objc; path = NumModel.m; sourceTree = "<group>"; };
		85BF75151C0ED5A800B80CAD /* ProModel.h */ = {isa = PBXFileReference; fileEncoding = 4; lastKnownFileType = sourcecode.c.h; path = ProModel.h; sourceTree = "<group>"; };
		85BF75161C0ED5A800B80CAD /* ProModel.m */ = {isa = PBXFileReference; fileEncoding = 4; lastKnownFileType = sourcecode.c.objc; path = ProModel.m; sourceTree = "<group>"; };
		85BF75181C0ED63200B80CAD /* DataDetail.h */ = {isa = PBXFileReference; fileEncoding = 4; lastKnownFileType = sourcecode.c.h; path = DataDetail.h; sourceTree = "<group>"; };
		85BF75191C0ED63200B80CAD /* DataDetail.m */ = {isa = PBXFileReference; fileEncoding = 4; lastKnownFileType = sourcecode.c.objc; path = DataDetail.m; sourceTree = "<group>"; };
		93FCF440C21A19A1C03EFEF7 /* Pods.debug.xcconfig */ = {isa = PBXFileReference; includeInIndex = 1; lastKnownFileType = text.xcconfig; name = Pods.debug.xcconfig; path = "Pods/Target Support Files/Pods/Pods.debug.xcconfig"; sourceTree = "<group>"; };
/* End PBXFileReference section */

/* Begin PBXFrameworksBuildPhase section */
		589FE0FA1C04ABA40043181D /* Frameworks */ = {
			isa = PBXFrameworksBuildPhase;
			buildActionMask = 2147483647;
			files = (
				A6D2E4E54302EC92DC1FA43B /* libPods.a in Frameworks */,
			);
			runOnlyForDeploymentPostprocessing = 0;
		};
		589FE1131C04ABA40043181D /* Frameworks */ = {
			isa = PBXFrameworksBuildPhase;
			buildActionMask = 2147483647;
			files = (
			);
			runOnlyForDeploymentPostprocessing = 0;
		};
/* End PBXFrameworksBuildPhase section */

/* Begin PBXGroup section */
		277FC3A3557CB49363D5C11B /* Pods */ = {
			isa = PBXGroup;
			children = (
				93FCF440C21A19A1C03EFEF7 /* Pods.debug.xcconfig */,
				395D80AE113C2B613D4615D7 /* Pods.release.xcconfig */,
			);
			name = Pods;
			sourceTree = "<group>";
		};
		589FE0F41C04ABA40043181D = {
			isa = PBXGroup;
			children = (
				589FE0FF1C04ABA40043181D /* KCKPLeader */,
				589FE1191C04ABA40043181D /* KCKPLeaderTests */,
				589FE0FE1C04ABA40043181D /* Products */,
				277FC3A3557CB49363D5C11B /* Pods */,
				9D2F438BE25D7F77134B61DB /* Frameworks */,
			);
			sourceTree = "<group>";
		};
		589FE0FE1C04ABA40043181D /* Products */ = {
			isa = PBXGroup;
			children = (
				589FE0FD1C04ABA40043181D /* KCKPLeader.app */,
				589FE1161C04ABA40043181D /* KCKPLeaderTests.xctest */,
			);
			name = Products;
			sourceTree = "<group>";
		};
		589FE0FF1C04ABA40043181D /* KCKPLeader */ = {
			isa = PBXGroup;
			children = (
				859DB17D1C083E8D005602C6 /* JSONModel */,
				8541A7071C070FAA00B8BB2E /* Tool */,
				8590676F1C055D8D00E9E15E /* HomePage */,
				859067721C055D8D00E9E15E /* ProcessSituation */,
				8590676C1C055D8D00E9E15E /* DecisionAnalysis */,
				859067751C055D8D00E9E15E /* Setting */,
				859067621C055D8500E9E15E /* Module */,
				589FE1271C04AE2E0043181D /* LoadData */,
				589FE1041C04ABA40043181D /* AppDelegate.h */,
				589FE1051C04ABA40043181D /* AppDelegate.m */,
				8590677F1C055E4700E9E15E /* Main.storyboard */,
				8541A7021C06F22400B8BB2E /* Login.storyboard */,
				589FE10D1C04ABA40043181D /* Images.xcassets */,
				589FE10F1C04ABA40043181D /* LaunchScreen.xib */,
				589FE1001C04ABA40043181D /* Supporting Files */,
			);
			path = KCKPLeader;
			sourceTree = "<group>";
		};
		589FE1001C04ABA40043181D /* Supporting Files */ = {
			isa = PBXGroup;
			children = (
				589FE1011C04ABA40043181D /* Info.plist */,
				589FE1021C04ABA40043181D /* main.m */,
				589FE13D1C04AFD60043181D /* KCKPLeader.pch */,
			);
			name = "Supporting Files";
			sourceTree = "<group>";
		};
		589FE1191C04ABA40043181D /* KCKPLeaderTests */ = {
			isa = PBXGroup;
			children = (
				589FE11C1C04ABA40043181D /* KCKPLeaderTests.m */,
				589FE11A1C04ABA40043181D /* Supporting Files */,
			);
			path = KCKPLeaderTests;
			sourceTree = "<group>";
		};
		589FE11A1C04ABA40043181D /* Supporting Files */ = {
			isa = PBXGroup;
			children = (
				589FE11B1C04ABA40043181D /* Info.plist */,
			);
			name = "Supporting Files";
			sourceTree = "<group>";
		};
		589FE1271C04AE2E0043181D /* LoadData */ = {
			isa = PBXGroup;
			children = (
				8541A7111C070FD400B8BB2E /* Demo.h */,
				8541A7121C070FD400B8BB2E /* Demo.m */,
				589FE1361C04AEB30043181D /* AFNetWorkService.h */,
				589FE1371C04AEB30043181D /* AFNetWorkService.m */,
				589FE1281C04AE5C0043181D /* EntityBean.h */,
				589FE12D1C04AE5C0043181D /* EntityBean.m */,
				589FE1291C04AE5C0043181D /* Globle.h */,
				589FE12E1C04AE5C0043181D /* Globle.m */,
				589FE12A1C04AE5C0043181D /* QueryParameter.h */,
				589FE12F1C04AE5C0043181D /* QueryParameter.m */,
				589FE12B1C04AE5C0043181D /* SearchParameters.h */,
				589FE1301C04AE5C0043181D /* SearchParameters.m */,
			);
			name = LoadData;
			sourceTree = "<group>";
		};
		8541A7071C070FAA00B8BB2E /* Tool */ = {
			isa = PBXGroup;
			children = (
				8541A7081C070FAA00B8BB2E /* NSString+NSStringMD5.h */,
				8541A7091C070FAA00B8BB2E /* NSString+NSStringMD5.m */,
				8541A70A1C070FAA00B8BB2E /* UIViewExt.h */,
				8541A70B1C070FAA00B8BB2E /* UIViewExt.m */,
				8541A70C1C070FAA00B8BB2E /* Util.h */,
				8541A70D1C070FAA00B8BB2E /* Util.m */,
				8546D1141C0D756A00317CFA /* DESCript.m */,
				8546D1151C0D756A00317CFA /* DESCript.h */,
				8546D1171C0D762700317CFA /* GTMBase64.h */,
				8546D1181C0D762700317CFA /* GTMBase64.m */,
				8546D1191C0D762700317CFA /* GTMDefines.h */,
			);
			path = Tool;
			sourceTree = "<group>";
		};
		859067621C055D8500E9E15E /* Module */ = {
			isa = PBXGroup;
			children = (
				8590677C1C055E0600E9E15E /* HMSegmentedControl.h */,
				8590677D1C055E0600E9E15E /* HMSegmentedControl.m */,
				859067631C055D8500E9E15E /* BaseViewController.h */,
				859067641C055D8500E9E15E /* BaseViewController.m */,
				859067651C055D8500E9E15E /* EPNaviController.h */,
				859067661C055D8500E9E15E /* EPNaviController.m */,
				859067671C055D8500E9E15E /* EPTabBarController.h */,
				859067681C055D8500E9E15E /* EPTabBarController.m */,
				8541A6FD1C06D23200B8BB2E /* LoginViewController.h */,
				8541A6FE1C06D23200B8BB2E /* LoginViewController.m */,
			);
			path = Module;
			sourceTree = "<group>";
		};
		8590676C1C055D8D00E9E15E /* DecisionAnalysis */ = {
			isa = PBXGroup;
			children = (
				8590678E1C0586BF00E9E15E /* Model */,
				8590678A1C0586AC00E9E15E /* View */,
				859067861C05868400E9E15E /* Controller */,
			);
			path = DecisionAnalysis;
			sourceTree = "<group>";
		};
		8590676F1C055D8D00E9E15E /* HomePage */ = {
			isa = PBXGroup;
			children = (
				8590678C1C0586B400E9E15E /* Model */,
				859067881C05869F00E9E15E /* View */,
				859067841C05866800E9E15E /* Controller */,
			);
			path = HomePage;
			sourceTree = "<group>";
		};
		859067721C055D8D00E9E15E /* ProcessSituation */ = {
			isa = PBXGroup;
			children = (
				8590678D1C0586BB00E9E15E /* Model */,
				859067891C0586A800E9E15E /* View */,
				859067851C05868000E9E15E /* Controller */,
			);
			path = ProcessSituation;
			sourceTree = "<group>";
		};
		859067751C055D8D00E9E15E /* Setting */ = {
			isa = PBXGroup;
			children = (
				8590678F1C0586C200E9E15E /* Model */,
				8590678B1C0586B000E9E15E /* View */,
				859067871C05868800E9E15E /* Controller */,
			);
			path = Setting;
			sourceTree = "<group>";
		};
		859067841C05866800E9E15E /* Controller */ = {
			isa = PBXGroup;
			children = (
				859067701C055D8D00E9E15E /* HomePageViewController.h */,
				859067711C055D8D00E9E15E /* HomePageViewController.m */,
				8541A7041C07002D00B8BB2E /* TotalSituationViewController.h */,
				8541A7051C07002D00B8BB2E /* TotalSituationViewController.m */,
			);
			name = Controller;
			sourceTree = "<group>";
		};
		859067851C05868000E9E15E /* Controller */ = {
			isa = PBXGroup;
			children = (
				859067731C055D8D00E9E15E /* ProcessSituationViewController.h */,
				859067741C055D8D00E9E15E /* ProcessSituationViewController.m */,
				859067A41C05AF2200E9E15E /* TrafficAccidentViewController.h */,
				859067A51C05AF2200E9E15E /* TrafficAccidentViewController.m */,
				859067A71C05AF4A00E9E15E /* ClaimViewController.h */,
				859067A81C05AF4A00E9E15E /* ClaimViewController.m */,
				859067AA1C05AF7100E9E15E /* InsuranceViewController.h */,
				859067AB1C05AF7100E9E15E /* InsuranceViewController.m */,
				859067AD1C05AFA600E9E15E /* ClaimDetailViewController.h */,
				859067AE1C05AFA600E9E15E /* ClaimDetailViewController.m */,
				85A6CD6A1C0C24DA001AEEDE /* ClaimDetailViewController.xib */,
			);
			name = Controller;
			sourceTree = "<group>";
		};
		859067861C05868400E9E15E /* Controller */ = {
			isa = PBXGroup;
			children = (
				8590676D1C055D8D00E9E15E /* DecisionAnalysisViewController.h */,
				8590676E1C055D8D00E9E15E /* DecisionAnalysisViewController.m */,
				859067B01C05AFEA00E9E15E /* PlaceViewController.h */,
				859067B11C05AFEA00E9E15E /* PlaceViewController.m */,
				859067B31C05AFFC00E9E15E /* TimeViewController.h */,
				859067B41C05AFFC00E9E15E /* TimeViewController.m */,
				859067B61C05B01F00E9E15E /* CircumstancesViewController.h */,
				859067B71C05B01F00E9E15E /* CircumstancesViewController.m */,
			);
			name = Controller;
			sourceTree = "<group>";
		};
		859067871C05868800E9E15E /* Controller */ = {
			isa = PBXGroup;
			children = (
				859067761C055D8D00E9E15E /* SettingViewController.h */,
				859067771C055D8D00E9E15E /* SettingViewController.m */,
				859067B91C05B08000E9E15E /* UserNameViewController.h */,
				859067BA1C05B08000E9E15E /* UserNameViewController.m */,
				859067C51C05BD9700E9E15E /* UserNameViewController.xib */,
				859067BF1C05B13400E9E15E /* PhoneBindingViewController.h */,
				859067C01C05B13400E9E15E /* PhoneBindingViewController.m */,
				8541A6F91C06B15300B8BB2E /* PhoneBindingViewController.xib */,
				8541A6F41C06A45D00B8BB2E /* ChangePassWordViewController.h */,
				8541A6F51C06A45D00B8BB2E /* ChangePassWordViewController.m */,
				859DB1771C07F238005602C6 /* ChangePassWordViewController.xib */,
			);
			name = Controller;
			sourceTree = "<group>";
		};
		859067881C05869F00E9E15E /* View */ = {
			isa = PBXGroup;
			children = (
				853D73271C09CAC20011429E /* CustomView.h */,
				853D73281C09CAC20011429E /* CustomView.m */,
				859067901C0586F200E9E15E /* CaseTableViewCell.h */,
				859067911C0586F200E9E15E /* CaseTableViewCell.m */,
				859067921C0586F200E9E15E /* CaseTableViewCell.xib */,
				859067951C058CEC00E9E15E /* TotalTableViewCell.h */,
				859067961C058CEC00E9E15E /* TotalTableViewCell.m */,
				859067971C058CEC00E9E15E /* TotalTableViewCell.xib */,
				85AB10601C117AF300DC130D /* ClaimTotalCell.h */,
				85AB10611C117AF300DC130D /* ClaimTotalCell.m */,
				85AB10621C117AF300DC130D /* ClaimTotalCell.xib */,
				8546D0AE1C0D41E400317CFA /* SectionView.h */,
				8546D0AF1C0D41E400317CFA /* SectionView.m */,
				8546D0AC1C0D40BE00317CFA /* SectionView.xib */,
			);
			name = View;
			sourceTree = "<group>";
		};
		859067891C0586A800E9E15E /* View */ = {
			isa = PBXGroup;
			children = (
				8590679A1C059E9C00E9E15E /* ProcessSituationCell.h */,
				8590679B1C059E9C00E9E15E /* ProcessSituationCell.m */,
				8590679C1C059E9C00E9E15E /* ProcessSituationCell.xib */,
				859DB1A11C084633005602C6 /* ClaimSituationCellCell.h */,
				859DB1A21C084633005602C6 /* ClaimSituationCellCell.m */,
				859DB1A31C084633005602C6 /* ClaimSituationCellCell.xib */,
				859DB1A61C0851F4005602C6 /* DataStatisticsCell.h */,
				859DB1A71C0851F4005602C6 /* DataStatisticsCell.m */,
				859DB1A81C0851F4005602C6 /* DataStatisticsCell.xib */,
				859DB1AB1C085219005602C6 /* CompanyRankCell.h */,
				859DB1AC1C085219005602C6 /* CompanyRankCell.m */,
			);
			name = View;
			sourceTree = "<group>";
		};
		8590678A1C0586AC00E9E15E /* View */ = {
			isa = PBXGroup;
			children = (
			);
			name = View;
			sourceTree = "<group>";
		};
		8590678B1C0586B000E9E15E /* View */ = {
			isa = PBXGroup;
			children = (
				8590679F1C05A53600E9E15E /* SettingTableViewCell.h */,
				859067A01C05A53600E9E15E /* SettingTableViewCell.m */,
				859067A11C05A53600E9E15E /* SettingTableViewCell.xib */,
			);
			name = View;
			sourceTree = "<group>";
		};
		8590678C1C0586B400E9E15E /* Model */ = {
			isa = PBXGroup;
			children = (
				8546D11B1C0D8DA400317CFA /* CaseModel.h */,
				8546D11C1C0D8DA400317CFA /* CaseModel.m */,
				8546D1501C0D966F00317CFA /* DataModel.h */,
				8546D1511C0D966F00317CFA /* DataModel.m */,
				8546D1411C0D955E00317CFA /* VolnumModel.h */,
				8546D1421C0D955E00317CFA /* VolnumModel.m */,
				8546D1441C0D957800317CFA /* InsnumModel.h */,
				8546D1451C0D957800317CFA /* InsnumModel.m */,
				8546D1471C0D95B000317CFA /* AllnumModel.h */,
				8546D1481C0D95B000317CFA /* AllnumModel.m */,
				8546D14A1C0D95DB00317CFA /* ScenumModel.h */,
				8546D14B1C0D95DB00317CFA /* ScenumModel.m */,
				8546D14D1C0D95F400317CFA /* PolnumModel.h */,
				8546D14E1C0D95F400317CFA /* PolnumModel.m */,
				8546D1561C0DB30400317CFA /* ScrollModel.h */,
				8546D1571C0DB30400317CFA /* ScrollModel.m */,
				8546D1591C0DB46300317CFA /* ScrollDataModel.h */,
				8546D15A1C0DB46300317CFA /* ScrollDataModel.m */,
				8546D15C1C0DBCB300317CFA /* AppModel.h */,
				8546D15D1C0DBCB300317CFA /* AppModel.m */,
				8546D15F1C0DBCBE00317CFA /* AppDataModel.h */,
				8546D1601C0DBCBE00317CFA /* AppDataModel.m */,
				85AB10651C11BA9700DC130D /* AppVerModel.h */,
				85AB10661C11BA9700DC130D /* AppVerModel.m */,
			);
			name = Model;
			sourceTree = "<group>";
		};
		8590678D1C0586BB00E9E15E /* Model */ = {
			isa = PBXGroup;
			children = (
				85BF74E51C0E803900B80CAD /* DetachmentModel.h */,
				85BF74E61C0E803900B80CAD /* DetachmentModel.m */,
				85BF74E81C0E849D00B80CAD /* DetDataModel.h */,
				85BF74E91C0E849D00B80CAD /* DetDataModel.m */,
				85BF74EB1C0EC31000B80CAD /* ClaimModel.h */,
				85BF74EC1C0EC31000B80CAD /* ClaimModel.m */,
				85BF74F11C0EC33900B80CAD /* ClaimDataModel.h */,
				85BF74F21C0EC33900B80CAD /* ClaimDataModel.m */,
				85BF74F41C0EC34E00B80CAD /* PicModel.h */,
				85BF74F51C0EC34E00B80CAD /* PicModel.m */,
				853DB5171C155348003F5BBA /* DayPicModel.h */,
				853DB5181C155348003F5BBA /* DayPicModel.m */,
				85BF74FD1C0EC38B00B80CAD /* DutModel.h */,
				85BF74FE1C0EC38B00B80CAD /* DutModel.m */,
				853DB51A1C15535F003F5BBA /* DayDutModel.h */,
				853DB51B1C15535F003F5BBA /* DayDutModel.m */,
				85BF74FA1C0EC37600B80CAD /* InsModel.h */,
				85BF74FB1C0EC37600B80CAD /* InsModel.m */,
				853DB51D1C155370003F5BBA /* DayInsModel.h */,
				853DB51E1C155370003F5BBA /* DayInsModel.m */,
				85BF75001C0EC39E00B80CAD /* CpsModel.h */,
				85BF75011C0EC39E00B80CAD /* CpsModel.m */,
				853DB5201C15539B003F5BBA /* DayCpsModel.h */,
				853DB5211C15539B003F5BBA /* DayCpsModel.m */,
				85BF75091C0ECBF200B80CAD /* InsDataModel.h */,
				85BF750A1C0ECBF200B80CAD /* InsDataModel.m */,
				85BF75061C0EC9D300B80CAD /* CompanyModel.h */,
				85BF75071C0EC9D300B80CAD /* CompanyModel.m */,
				85BF750C1C0ED25700B80CAD /* ClaimDetailModel.h */,
				85BF750D1C0ED25700B80CAD /* ClaimDetailModel.m */,
				85BF75181C0ED63200B80CAD /* DataDetail.h */,
				85BF75191C0ED63200B80CAD /* DataDetail.m */,
				85BF75121C0ED59C00B80CAD /* NumModel.h */,
				85BF75131C0ED59C00B80CAD /* NumModel.m */,
				85BF75151C0ED5A800B80CAD /* ProModel.h */,
				85BF75161C0ED5A800B80CAD /* ProModel.m */,
			);
			name = Model;
			sourceTree = "<group>";
		};
		8590678E1C0586BF00E9E15E /* Model */ = {
			isa = PBXGroup;
			children = (
			);
			name = Model;
			sourceTree = "<group>";
		};
		8590678F1C0586C200E9E15E /* Model */ = {
			isa = PBXGroup;
			children = (
			);
			name = Model;
			sourceTree = "<group>";
		};
		859DB17D1C083E8D005602C6 /* JSONModel */ = {
			isa = PBXGroup;
			children = (
				859DB17E1C083E8D005602C6 /* JSONModel */,
				859DB1871C083E8D005602C6 /* JSONModelCategories */,
				859DB18A1C083E8D005602C6 /* JSONModelLib.h */,
				859DB18B1C083E8D005602C6 /* JSONModelNetworking */,
				859DB1921C083E8D005602C6 /* JSONModelTransformations */,
			);
			path = JSONModel;
			sourceTree = "<group>";
		};
		859DB17E1C083E8D005602C6 /* JSONModel */ = {
			isa = PBXGroup;
			children = (
				859DB17F1C083E8D005602C6 /* JSONModel.h */,
				859DB1801C083E8D005602C6 /* JSONModel.m */,
				859DB1811C083E8D005602C6 /* JSONModelArray.h */,
				859DB1821C083E8D005602C6 /* JSONModelArray.m */,
				859DB1831C083E8D005602C6 /* JSONModelClassProperty.h */,
				859DB1841C083E8D005602C6 /* JSONModelClassProperty.m */,
				859DB1851C083E8D005602C6 /* JSONModelError.h */,
				859DB1861C083E8D005602C6 /* JSONModelError.m */,
			);
			path = JSONModel;
			sourceTree = "<group>";
		};
		859DB1871C083E8D005602C6 /* JSONModelCategories */ = {
			isa = PBXGroup;
			children = (
				859DB1881C083E8D005602C6 /* NSArray+JSONModel.h */,
				859DB1891C083E8D005602C6 /* NSArray+JSONModel.m */,
			);
			path = JSONModelCategories;
			sourceTree = "<group>";
		};
		859DB18B1C083E8D005602C6 /* JSONModelNetworking */ = {
			isa = PBXGroup;
			children = (
				859DB18C1C083E8D005602C6 /* JSONAPI.h */,
				859DB18D1C083E8D005602C6 /* JSONAPI.m */,
				859DB18E1C083E8D005602C6 /* JSONHTTPClient.h */,
				859DB18F1C083E8D005602C6 /* JSONHTTPClient.m */,
				859DB1901C083E8D005602C6 /* JSONModel+networking.h */,
				859DB1911C083E8D005602C6 /* JSONModel+networking.m */,
			);
			path = JSONModelNetworking;
			sourceTree = "<group>";
		};
		859DB1921C083E8D005602C6 /* JSONModelTransformations */ = {
			isa = PBXGroup;
			children = (
				859DB1931C083E8D005602C6 /* JSONKeyMapper.h */,
				859DB1941C083E8D005602C6 /* JSONKeyMapper.m */,
				859DB1951C083E8D005602C6 /* JSONValueTransformer.h */,
				859DB1961C083E8D005602C6 /* JSONValueTransformer.m */,
			);
			path = JSONModelTransformations;
			sourceTree = "<group>";
		};
		9D2F438BE25D7F77134B61DB /* Frameworks */ = {
			isa = PBXGroup;
			children = (
				7C2A74D23C2B0CB472982814 /* libPods.a */,
			);
			name = Frameworks;
			sourceTree = "<group>";
		};
/* End PBXGroup section */

/* Begin PBXNativeTarget section */
		589FE0FC1C04ABA40043181D /* KCKPLeader */ = {
			isa = PBXNativeTarget;
			buildConfigurationList = 589FE1201C04ABA50043181D /* Build configuration list for PBXNativeTarget "KCKPLeader" */;
			buildPhases = (
				785B3149E93EAE20CF9B9EB6 /* Check Pods Manifest.lock */,
				589FE0F91C04ABA40043181D /* Sources */,
				589FE0FA1C04ABA40043181D /* Frameworks */,
				589FE0FB1C04ABA40043181D /* Resources */,
				9B8262AD7131BFD50B3EADB2 /* Embed Pods Frameworks */,
				A88533E84F8C7400A792C094 /* Copy Pods Resources */,
			);
			buildRules = (
			);
			dependencies = (
			);
			name = KCKPLeader;
			productName = KCKPLeader;
			productReference = 589FE0FD1C04ABA40043181D /* KCKPLeader.app */;
			productType = "com.apple.product-type.application";
		};
		589FE1151C04ABA40043181D /* KCKPLeaderTests */ = {
			isa = PBXNativeTarget;
			buildConfigurationList = 589FE1231C04ABA50043181D /* Build configuration list for PBXNativeTarget "KCKPLeaderTests" */;
			buildPhases = (
				589FE1121C04ABA40043181D /* Sources */,
				589FE1131C04ABA40043181D /* Frameworks */,
				589FE1141C04ABA40043181D /* Resources */,
			);
			buildRules = (
			);
			dependencies = (
				589FE1181C04ABA40043181D /* PBXTargetDependency */,
			);
			name = KCKPLeaderTests;
			productName = KCKPLeaderTests;
			productReference = 589FE1161C04ABA40043181D /* KCKPLeaderTests.xctest */;
			productType = "com.apple.product-type.bundle.unit-test";
		};
/* End PBXNativeTarget section */

/* Begin PBXProject section */
		589FE0F51C04ABA40043181D /* Project object */ = {
			isa = PBXProject;
			attributes = {
				LastUpgradeCheck = 0710;
				ORGANIZATIONNAME = "程三";
				TargetAttributes = {
					589FE0FC1C04ABA40043181D = {
						CreatedOnToolsVersion = 6.4;
						DevelopmentTeam = S58CK2GNVZ;
					};
					589FE1151C04ABA40043181D = {
						CreatedOnToolsVersion = 6.4;
						TestTargetID = 589FE0FC1C04ABA40043181D;
					};
				};
			};
			buildConfigurationList = 589FE0F81C04ABA40043181D /* Build configuration list for PBXProject "KCKPLeader" */;
			compatibilityVersion = "Xcode 3.2";
			developmentRegion = English;
			hasScannedForEncodings = 0;
			knownRegions = (
				en,
				Base,
			);
			mainGroup = 589FE0F41C04ABA40043181D;
			productRefGroup = 589FE0FE1C04ABA40043181D /* Products */;
			projectDirPath = "";
			projectRoot = "";
			targets = (
				589FE0FC1C04ABA40043181D /* KCKPLeader */,
				589FE1151C04ABA40043181D /* KCKPLeaderTests */,
			);
		};
/* End PBXProject section */

/* Begin PBXResourcesBuildPhase section */
		589FE0FB1C04ABA40043181D /* Resources */ = {
			isa = PBXResourcesBuildPhase;
			buildActionMask = 2147483647;
			files = (
				8546D0AD1C0D40BE00317CFA /* SectionView.xib in Resources */,
				8590679E1C059E9C00E9E15E /* ProcessSituationCell.xib in Resources */,
				859067801C055E4700E9E15E /* Main.storyboard in Resources */,
				85AB10641C117AF300DC130D /* ClaimTotalCell.xib in Resources */,
				859067C61C05BD9700E9E15E /* UserNameViewController.xib in Resources */,
				859067941C0586F200E9E15E /* CaseTableViewCell.xib in Resources */,
				859DB1781C07F238005602C6 /* ChangePassWordViewController.xib in Resources */,
				859067991C058CEC00E9E15E /* TotalTableViewCell.xib in Resources */,
				859DB1A51C084633005602C6 /* ClaimSituationCellCell.xib in Resources */,
				589FE1111C04ABA40043181D /* LaunchScreen.xib in Resources */,
				859067A31C05A53600E9E15E /* SettingTableViewCell.xib in Resources */,
				589FE10E1C04ABA40043181D /* Images.xcassets in Resources */,
				8541A6FA1C06B15300B8BB2E /* PhoneBindingViewController.xib in Resources */,
				859DB1AA1C0851F4005602C6 /* DataStatisticsCell.xib in Resources */,
				85A6CD6B1C0C24DA001AEEDE /* ClaimDetailViewController.xib in Resources */,
				8541A7031C06F22400B8BB2E /* Login.storyboard in Resources */,
			);
			runOnlyForDeploymentPostprocessing = 0;
		};
		589FE1141C04ABA40043181D /* Resources */ = {
			isa = PBXResourcesBuildPhase;
			buildActionMask = 2147483647;
			files = (
			);
			runOnlyForDeploymentPostprocessing = 0;
		};
/* End PBXResourcesBuildPhase section */

/* Begin PBXShellScriptBuildPhase section */
		785B3149E93EAE20CF9B9EB6 /* Check Pods Manifest.lock */ = {
			isa = PBXShellScriptBuildPhase;
			buildActionMask = 2147483647;
			files = (
			);
			inputPaths = (
			);
			name = "Check Pods Manifest.lock";
			outputPaths = (
			);
			runOnlyForDeploymentPostprocessing = 0;
			shellPath = /bin/sh;
			shellScript = "diff \"${PODS_ROOT}/../Podfile.lock\" \"${PODS_ROOT}/Manifest.lock\" > /dev/null\nif [[ $? != 0 ]] ; then\n    cat << EOM\nerror: The sandbox is not in sync with the Podfile.lock. Run 'pod install' or update your CocoaPods installation.\nEOM\n    exit 1\nfi\n";
			showEnvVarsInLog = 0;
		};
		9B8262AD7131BFD50B3EADB2 /* Embed Pods Frameworks */ = {
			isa = PBXShellScriptBuildPhase;
			buildActionMask = 2147483647;
			files = (
			);
			inputPaths = (
			);
			name = "Embed Pods Frameworks";
			outputPaths = (
			);
			runOnlyForDeploymentPostprocessing = 0;
			shellPath = /bin/sh;
			shellScript = "\"${SRCROOT}/Pods/Target Support Files/Pods/Pods-frameworks.sh\"\n";
			showEnvVarsInLog = 0;
		};
		A88533E84F8C7400A792C094 /* Copy Pods Resources */ = {
			isa = PBXShellScriptBuildPhase;
			buildActionMask = 2147483647;
			files = (
			);
			inputPaths = (
			);
			name = "Copy Pods Resources";
			outputPaths = (
			);
			runOnlyForDeploymentPostprocessing = 0;
			shellPath = /bin/sh;
			shellScript = "\"${SRCROOT}/Pods/Target Support Files/Pods/Pods-resources.sh\"\n";
			showEnvVarsInLog = 0;
		};
/* End PBXShellScriptBuildPhase section */

/* Begin PBXSourcesBuildPhase section */
		589FE0F91C04ABA40043181D /* Sources */ = {
			isa = PBXSourcesBuildPhase;
			buildActionMask = 2147483647;
			files = (
				859DB19D1C083E8D005602C6 /* JSONHTTPClient.m in Sources */,
				8590676B1C055D8500E9E15E /* EPTabBarController.m in Sources */,
				859067781C055D8D00E9E15E /* DecisionAnalysisViewController.m in Sources */,
				859067B21C05AFEA00E9E15E /* PlaceViewController.m in Sources */,
				8546D11D1C0D8DA400317CFA /* CaseModel.m in Sources */,
				8546D15B1C0DB46300317CFA /* ScrollDataModel.m in Sources */,
				8546D0B01C0D41E400317CFA /* SectionView.m in Sources */,
				589FE1351C04AE5C0043181D /* SearchParameters.m in Sources */,
				85BF74F31C0EC33900B80CAD /* ClaimDataModel.m in Sources */,
				85BF750E1C0ED25700B80CAD /* ClaimDetailModel.m in Sources */,
				859067691C055D8500E9E15E /* BaseViewController.m in Sources */,
				859DB1A91C0851F4005602C6 /* DataStatisticsCell.m in Sources */,
				853DB5221C15539B003F5BBA /* DayCpsModel.m in Sources */,
				8546D1521C0D966F00317CFA /* DataModel.m in Sources */,
				85BF74FC1C0EC37600B80CAD /* InsModel.m in Sources */,
				859067B51C05AFFC00E9E15E /* TimeViewController.m in Sources */,
				859067791C055D8D00E9E15E /* HomePageViewController.m in Sources */,
				8590677A1C055D8D00E9E15E /* ProcessSituationViewController.m in Sources */,
				85BF74ED1C0EC31000B80CAD /* ClaimModel.m in Sources */,
				859067AF1C05AFA600E9E15E /* ClaimDetailViewController.m in Sources */,
				853DB5191C155348003F5BBA /* DayPicModel.m in Sources */,
				853D73291C09CAC20011429E /* CustomView.m in Sources */,
				589FE1341C04AE5C0043181D /* QueryParameter.m in Sources */,
				859067931C0586F200E9E15E /* CaseTableViewCell.m in Sources */,
				8541A6F71C06A45D00B8BB2E /* ChangePassWordViewController.m in Sources */,
				859067981C058CEC00E9E15E /* TotalTableViewCell.m in Sources */,
				859DB1AE1C085219005602C6 /* CompanyRankCell.m in Sources */,
				8541A70F1C070FAA00B8BB2E /* UIViewExt.m in Sources */,
				859067B81C05B01F00E9E15E /* CircumstancesViewController.m in Sources */,
				85BF74F61C0EC34E00B80CAD /* PicModel.m in Sources */,
				859067BB1C05B08000E9E15E /* UserNameViewController.m in Sources */,
				859067A21C05A53600E9E15E /* SettingTableViewCell.m in Sources */,
				8541A7101C070FAA00B8BB2E /* Util.m in Sources */,
				8546D11A1C0D762700317CFA /* GTMBase64.m in Sources */,
				8590677E1C055E0600E9E15E /* HMSegmentedControl.m in Sources */,
				85AB10671C11BA9700DC130D /* AppVerModel.m in Sources */,
				85BF74E71C0E803900B80CAD /* DetachmentModel.m in Sources */,
				8590679D1C059E9C00E9E15E /* ProcessSituationCell.m in Sources */,
				85BF75081C0EC9D300B80CAD /* CompanyModel.m in Sources */,
				8541A7131C070FD400B8BB2E /* Demo.m in Sources */,
				85AB10631C117AF300DC130D /* ClaimTotalCell.m in Sources */,
				85BF74FF1C0EC38B00B80CAD /* DutModel.m in Sources */,
				8546D1581C0DB30400317CFA /* ScrollModel.m in Sources */,
				859DB1991C083E8D005602C6 /* JSONModelClassProperty.m in Sources */,
				8541A70E1C070FAA00B8BB2E /* NSString+NSStringMD5.m in Sources */,
				859067C11C05B13400E9E15E /* PhoneBindingViewController.m in Sources */,
				8546D14C1C0D95DB00317CFA /* ScenumModel.m in Sources */,
				8546D1161C0D756A00317CFA /* DESCript.m in Sources */,
				8546D1461C0D957800317CFA /* InsnumModel.m in Sources */,
				85BF75171C0ED5A800B80CAD /* ProModel.m in Sources */,
				589FE1061C04ABA40043181D /* AppDelegate.m in Sources */,
				859DB19F1C083E8D005602C6 /* JSONKeyMapper.m in Sources */,
				859DB19C1C083E8D005602C6 /* JSONAPI.m in Sources */,
				8546D1611C0DBCBE00317CFA /* AppDataModel.m in Sources */,
				8590676A1C055D8500E9E15E /* EPNaviController.m in Sources */,
				589FE1331C04AE5C0043181D /* Globle.m in Sources */,
				859067A61C05AF2200E9E15E /* TrafficAccidentViewController.m in Sources */,
				589FE1321C04AE5C0043181D /* EntityBean.m in Sources */,
				8541A7061C07002D00B8BB2E /* TotalSituationViewController.m in Sources */,
				8546D14F1C0D95F400317CFA /* PolnumModel.m in Sources */,
				8546D1491C0D95B000317CFA /* AllnumModel.m in Sources */,
				589FE1031C04ABA40043181D /* main.m in Sources */,
				859067A91C05AF4A00E9E15E /* ClaimViewController.m in Sources */,
				859067AC1C05AF7100E9E15E /* InsuranceViewController.m in Sources */,
				589FE1381C04AEB30043181D /* AFNetWorkService.m in Sources */,
				859DB1971C083E8D005602C6 /* JSONModel.m in Sources */,
				85BF751A1C0ED63200B80CAD /* DataDetail.m in Sources */,
				85BF74EA1C0E849D00B80CAD /* DetDataModel.m in Sources */,
				859DB1A01C083E8D005602C6 /* JSONValueTransformer.m in Sources */,
				859DB1A41C084633005602C6 /* ClaimSituationCellCell.m in Sources */,
				8546D1431C0D955E00317CFA /* VolnumModel.m in Sources */,
				853DB51C1C15535F003F5BBA /* DayDutModel.m in Sources */,
				859DB19E1C083E8D005602C6 /* JSONModel+networking.m in Sources */,
				8546D15E1C0DBCB300317CFA /* AppModel.m in Sources */,
				8590677B1C055D8D00E9E15E /* SettingViewController.m in Sources */,
				859DB19B1C083E8D005602C6 /* NSArray+JSONModel.m in Sources */,
				85BF75141C0ED59C00B80CAD /* NumModel.m in Sources */,
				85BF75021C0EC39E00B80CAD /* CpsModel.m in Sources */,
				859DB19A1C083E8D005602C6 /* JSONModelError.m in Sources */,
				85BF750B1C0ECBF200B80CAD /* InsDataModel.m in Sources */,
				853DB51F1C155370003F5BBA /* DayInsModel.m in Sources */,
				8541A7001C06D23200B8BB2E /* LoginViewController.m in Sources */,
				859DB1981C083E8D005602C6 /* JSONModelArray.m in Sources */,
			);
			runOnlyForDeploymentPostprocessing = 0;
		};
		589FE1121C04ABA40043181D /* Sources */ = {
			isa = PBXSourcesBuildPhase;
			buildActionMask = 2147483647;
			files = (
				589FE11D1C04ABA50043181D /* KCKPLeaderTests.m in Sources */,
			);
			runOnlyForDeploymentPostprocessing = 0;
		};
/* End PBXSourcesBuildPhase section */

/* Begin PBXTargetDependency section */
		589FE1181C04ABA40043181D /* PBXTargetDependency */ = {
			isa = PBXTargetDependency;
			target = 589FE0FC1C04ABA40043181D /* KCKPLeader */;
			targetProxy = 589FE1171C04ABA40043181D /* PBXContainerItemProxy */;
		};
/* End PBXTargetDependency section */

/* Begin PBXVariantGroup section */
		589FE10F1C04ABA40043181D /* LaunchScreen.xib */ = {
			isa = PBXVariantGroup;
			children = (
				589FE1101C04ABA40043181D /* Base */,
			);
			name = LaunchScreen.xib;
			sourceTree = "<group>";
		};
/* End PBXVariantGroup section */

/* Begin XCBuildConfiguration section */
		589FE11E1C04ABA50043181D /* Debug */ = {
			isa = XCBuildConfiguration;
			buildSettings = {
				ALWAYS_SEARCH_USER_PATHS = NO;
				CLANG_CXX_LANGUAGE_STANDARD = "gnu++0x";
				CLANG_CXX_LIBRARY = "libc++";
				CLANG_ENABLE_MODULES = YES;
				CLANG_ENABLE_OBJC_ARC = YES;
				CLANG_WARN_BOOL_CONVERSION = YES;
				CLANG_WARN_CONSTANT_CONVERSION = YES;
				CLANG_WARN_DIRECT_OBJC_ISA_USAGE = YES_ERROR;
				CLANG_WARN_EMPTY_BODY = YES;
				CLANG_WARN_ENUM_CONVERSION = YES;
				CLANG_WARN_INT_CONVERSION = YES;
				CLANG_WARN_OBJC_ROOT_CLASS = YES_ERROR;
				CLANG_WARN_UNREACHABLE_CODE = YES;
				CLANG_WARN__DUPLICATE_METHOD_MATCH = YES;
				"CODE_SIGN_IDENTITY[sdk=iphoneos*]" = "iPhone Developer";
				COPY_PHASE_STRIP = NO;
				DEBUG_INFORMATION_FORMAT = "dwarf-with-dsym";
				ENABLE_STRICT_OBJC_MSGSEND = YES;
				ENABLE_TESTABILITY = YES;
				GCC_C_LANGUAGE_STANDARD = gnu99;
				GCC_DYNAMIC_NO_PIC = NO;
				GCC_NO_COMMON_BLOCKS = YES;
				GCC_OPTIMIZATION_LEVEL = 0;
				GCC_PREPROCESSOR_DEFINITIONS = (
					"DEBUG=1",
					"$(inherited)",
				);
				GCC_SYMBOLS_PRIVATE_EXTERN = NO;
				GCC_WARN_64_TO_32_BIT_CONVERSION = YES;
				GCC_WARN_ABOUT_RETURN_TYPE = YES_ERROR;
				GCC_WARN_UNDECLARED_SELECTOR = YES;
				GCC_WARN_UNINITIALIZED_AUTOS = YES_AGGRESSIVE;
				GCC_WARN_UNUSED_FUNCTION = YES;
				GCC_WARN_UNUSED_VARIABLE = YES;
				IPHONEOS_DEPLOYMENT_TARGET = 7.0;
				MTL_ENABLE_DEBUG_INFO = YES;
				ONLY_ACTIVE_ARCH = YES;
				SDKROOT = iphoneos;
			};
			name = Debug;
		};
		589FE11F1C04ABA50043181D /* Release */ = {
			isa = XCBuildConfiguration;
			buildSettings = {
				ALWAYS_SEARCH_USER_PATHS = NO;
				CLANG_CXX_LANGUAGE_STANDARD = "gnu++0x";
				CLANG_CXX_LIBRARY = "libc++";
				CLANG_ENABLE_MODULES = YES;
				CLANG_ENABLE_OBJC_ARC = YES;
				CLANG_WARN_BOOL_CONVERSION = YES;
				CLANG_WARN_CONSTANT_CONVERSION = YES;
				CLANG_WARN_DIRECT_OBJC_ISA_USAGE = YES_ERROR;
				CLANG_WARN_EMPTY_BODY = YES;
				CLANG_WARN_ENUM_CONVERSION = YES;
				CLANG_WARN_INT_CONVERSION = YES;
				CLANG_WARN_OBJC_ROOT_CLASS = YES_ERROR;
				CLANG_WARN_UNREACHABLE_CODE = YES;
				CLANG_WARN__DUPLICATE_METHOD_MATCH = YES;
				"CODE_SIGN_IDENTITY[sdk=iphoneos*]" = "iPhone Developer";
				COPY_PHASE_STRIP = NO;
				DEBUG_INFORMATION_FORMAT = "dwarf-with-dsym";
				ENABLE_NS_ASSERTIONS = NO;
				ENABLE_STRICT_OBJC_MSGSEND = YES;
				GCC_C_LANGUAGE_STANDARD = gnu99;
				GCC_NO_COMMON_BLOCKS = YES;
				GCC_WARN_64_TO_32_BIT_CONVERSION = YES;
				GCC_WARN_ABOUT_RETURN_TYPE = YES_ERROR;
				GCC_WARN_UNDECLARED_SELECTOR = YES;
				GCC_WARN_UNINITIALIZED_AUTOS = YES_AGGRESSIVE;
				GCC_WARN_UNUSED_FUNCTION = YES;
				GCC_WARN_UNUSED_VARIABLE = YES;
				IPHONEOS_DEPLOYMENT_TARGET = 7.0;
				MTL_ENABLE_DEBUG_INFO = NO;
				SDKROOT = iphoneos;
				VALIDATE_PRODUCT = YES;
			};
			name = Release;
		};
		589FE1211C04ABA50043181D /* Debug */ = {
			isa = XCBuildConfiguration;
			baseConfigurationReference = 93FCF440C21A19A1C03EFEF7 /* Pods.debug.xcconfig */;
			buildSettings = {
				ASSETCATALOG_COMPILER_APPICON_NAME = AppIcon;
				ASSETCATALOG_COMPILER_LAUNCHIMAGE_NAME = LaunchImage;
				CODE_SIGN_IDENTITY = "iPhone Developer";
				"CODE_SIGN_IDENTITY[sdk=iphoneos*]" = "iPhone Developer";
				GCC_PREFIX_HEADER = "$(SRCROOT)/KCKPLeader/KCKPLeader.pch";
				INFOPLIST_FILE = KCKPLeader/Info.plist;
				IPHONEOS_DEPLOYMENT_TARGET = 8.0;
				LD_RUNPATH_SEARCH_PATHS = "$(inherited) @executable_path/Frameworks";
				PRODUCT_BUNDLE_IDENTIFIER = com.longrise.JSFXLeader;
				PRODUCT_NAME = "$(TARGET_NAME)";
				PROVISIONING_PROFILE = "";
			};
			name = Debug;
		};
		589FE1221C04ABA50043181D /* Release */ = {
			isa = XCBuildConfiguration;
			baseConfigurationReference = 395D80AE113C2B613D4615D7 /* Pods.release.xcconfig */;
			buildSettings = {
				ASSETCATALOG_COMPILER_APPICON_NAME = AppIcon;
				ASSETCATALOG_COMPILER_LAUNCHIMAGE_NAME = LaunchImage;
				CODE_SIGN_IDENTITY = "iPhone Developer";
				"CODE_SIGN_IDENTITY[sdk=iphoneos*]" = "iPhone Developer";
				GCC_PREFIX_HEADER = "$(SRCROOT)/KCKPLeader/KCKPLeader.pch";
				INFOPLIST_FILE = KCKPLeader/Info.plist;
				IPHONEOS_DEPLOYMENT_TARGET = 8.0;
				LD_RUNPATH_SEARCH_PATHS = "$(inherited) @executable_path/Frameworks";
				PRODUCT_BUNDLE_IDENTIFIER = com.longrise.JSFXLeader;
				PRODUCT_NAME = "$(TARGET_NAME)";
				PROVISIONING_PROFILE = "";
			};
			name = Release;
		};
		589FE1241C04ABA50043181D /* Debug */ = {
			isa = XCBuildConfiguration;
			buildSettings = {
				BUNDLE_LOADER = "$(TEST_HOST)";
				FRAMEWORK_SEARCH_PATHS = (
					"$(SDKROOT)/Developer/Library/Frameworks",
					"$(inherited)",
				);
				GCC_PREPROCESSOR_DEFINITIONS = (
					"DEBUG=1",
					"$(inherited)",
				);
				INFOPLIST_FILE = KCKPLeaderTests/Info.plist;
				LD_RUNPATH_SEARCH_PATHS = "$(inherited) @executable_path/Frameworks @loader_path/Frameworks";
				PRODUCT_BUNDLE_IDENTIFIER = "com.longrise.$(PRODUCT_NAME:rfc1034identifier)";
				PRODUCT_NAME = "$(TARGET_NAME)";
				TEST_HOST = "$(BUILT_PRODUCTS_DIR)/KCKPLeader.app/KCKPLeader";
			};
			name = Debug;
		};
		589FE1251C04ABA50043181D /* Release */ = {
			isa = XCBuildConfiguration;
			buildSettings = {
				BUNDLE_LOADER = "$(TEST_HOST)";
				FRAMEWORK_SEARCH_PATHS = (
					"$(SDKROOT)/Developer/Library/Frameworks",
					"$(inherited)",
				);
				INFOPLIST_FILE = KCKPLeaderTests/Info.plist;
				LD_RUNPATH_SEARCH_PATHS = "$(inherited) @executable_path/Frameworks @loader_path/Frameworks";
				PRODUCT_BUNDLE_IDENTIFIER = "com.longrise.$(PRODUCT_NAME:rfc1034identifier)";
				PRODUCT_NAME = "$(TARGET_NAME)";
				TEST_HOST = "$(BUILT_PRODUCTS_DIR)/KCKPLeader.app/KCKPLeader";
			};
			name = Release;
		};
/* End XCBuildConfiguration section */

/* Begin XCConfigurationList section */
		589FE0F81C04ABA40043181D /* Build configuration list for PBXProject "KCKPLeader" */ = {
			isa = XCConfigurationList;
			buildConfigurations = (
				589FE11E1C04ABA50043181D /* Debug */,
				589FE11F1C04ABA50043181D /* Release */,
			);
			defaultConfigurationIsVisible = 0;
			defaultConfigurationName = Release;
		};
		589FE1201C04ABA50043181D /* Build configuration list for PBXNativeTarget "KCKPLeader" */ = {
			isa = XCConfigurationList;
			buildConfigurations = (
				589FE1211C04ABA50043181D /* Debug */,
				589FE1221C04ABA50043181D /* Release */,
			);
			defaultConfigurationIsVisible = 0;
			defaultConfigurationName = Release;
		};
		589FE1231C04ABA50043181D /* Build configuration list for PBXNativeTarget "KCKPLeaderTests" */ = {
			isa = XCConfigurationList;
			buildConfigurations = (
				589FE1241C04ABA50043181D /* Debug */,
				589FE1251C04ABA50043181D /* Release */,
			);
			defaultConfigurationIsVisible = 0;
			defaultConfigurationName = Release;
		};
/* End XCConfigurationList section */
	};
	rootObject = 589FE0F51C04ABA40043181D /* Project object */;
}
